// !$*UTF8*$!
{
	archiveVersion = 1;
	classes = {
	};
	objectVersion = 52;
	objects = {

/* Begin PBXBuildFile section */
		01FFDCA6253FA08B001244D1 /* AppDelegate.swift in Sources */ = {isa = PBXBuildFile; fileRef = 01FFDCA5253FA08B001244D1 /* AppDelegate.swift */; };
		01FFDCA8253FA08B001244D1 /* SceneDelegate.swift in Sources */ = {isa = PBXBuildFile; fileRef = 01FFDCA7253FA08B001244D1 /* SceneDelegate.swift */; };
		01FFDCAF253FA091001244D1 /* Assets.xcassets in Resources */ = {isa = PBXBuildFile; fileRef = 01FFDCAE253FA091001244D1 /* Assets.xcassets */; };
		01FFDCB2253FA091001244D1 /* LaunchScreen.storyboard in Resources */ = {isa = PBXBuildFile; fileRef = 01FFDCB0253FA091001244D1 /* LaunchScreen.storyboard */; };
		01FFDCBB253FA140001244D1 /* GoogleService-Info.plist in Resources */ = {isa = PBXBuildFile; fileRef = 01FFDCBA253FA140001244D1 /* GoogleService-Info.plist */; };
		730407F5255060D40036E7A6 /* HTTPMethods.swift in Sources */ = {isa = PBXBuildFile; fileRef = 730407F4255060D40036E7A6 /* HTTPMethods.swift */; };
		730407FC255064FE0036E7A6 /* TournamentModel.swift in Sources */ = {isa = PBXBuildFile; fileRef = 730407FB255064FE0036E7A6 /* TournamentModel.swift */; };
		C3E0B9512550802300F69BD4 /* AuthVC.swift in Sources */ = {isa = PBXBuildFile; fileRef = C3E0B9502550802300F69BD4 /* AuthVC.swift */; };
		C3E0B9552550803800F69BD4 /* AutoLayoutView.swift in Sources */ = {isa = PBXBuildFile; fileRef = C3E0B9532550803800F69BD4 /* AutoLayoutView.swift */; };
		C3E0B9562550803800F69BD4 /* UIView+Layout.swift in Sources */ = {isa = PBXBuildFile; fileRef = C3E0B9542550803800F69BD4 /* UIView+Layout.swift */; };
		C3F1630C2550A962001855DD /* TournamentsVC.swift in Sources */ = {isa = PBXBuildFile; fileRef = C3F1630B2550A962001855DD /* TournamentsVC.swift */; };
		C4FF388FB9FAF949E2700B80 /* Pods_ChessAggregator.framework in Frameworks */ = {isa = PBXBuildFile; fileRef = 613E7483DAF7CFE6E33A5A2C /* Pods_ChessAggregator.framework */; };
		D91FC19CE69AC3C7932B74BF /* AuthPresenter.swift in Sources */ = {isa = PBXBuildFile; fileRef = D91FCB1324A9B3BA6DA9D0D5 /* AuthPresenter.swift */; };
		D91FC432D1985359C7874045 /* AuthProtocols.swift in Sources */ = {isa = PBXBuildFile; fileRef = D91FC6C3669552D392D65313 /* AuthProtocols.swift */; };
		D91FC68D5ABD87564A45ADEA /* TournamentsContainer.swift in Sources */ = {isa = PBXBuildFile; fileRef = D91FC30C67C687C90C184901 /* TournamentsContainer.swift */; };
		D91FC6A5A0482F243ADE2513 /* AuthContainer.swift in Sources */ = {isa = PBXBuildFile; fileRef = D91FC66093C6DA97CB761E4F /* AuthContainer.swift */; };
		D91FC7C910B81067DB822A0D /* TournamentsPresenter.swift in Sources */ = {isa = PBXBuildFile; fileRef = D91FCCB1D80059C36A745E9B /* TournamentsPresenter.swift */; };
		D91FCA14AD43EB34EF43BE72 /* TournamentsProtocols.swift in Sources */ = {isa = PBXBuildFile; fileRef = D91FC03AA6D9E982993DE2D5 /* TournamentsProtocols.swift */; };
		D91FCAE3687D8AD5B8BF7969 /* AuthInteractor.swift in Sources */ = {isa = PBXBuildFile; fileRef = D91FC3BC2837216F64997993 /* AuthInteractor.swift */; };
		D91FCBF5DD7C26871828507A /* TournamentsViewController.swift in Sources */ = {isa = PBXBuildFile; fileRef = D91FC7C7D0CC4277DD1E91A2 /* TournamentsViewController.swift */; };
		D91FCC49F950A6678ED1A68F /* TournamentsInteractor.swift in Sources */ = {isa = PBXBuildFile; fileRef = D91FC543A0756504B2B2DB45 /* TournamentsInteractor.swift */; };
		D91FCC8D5831C32B88A014FA /* AuthRouter.swift in Sources */ = {isa = PBXBuildFile; fileRef = D91FC87A2F40F49F65B0D951 /* AuthRouter.swift */; };
		D91FCCECC26E3CAFA2075560 /* TournamentsRouter.swift in Sources */ = {isa = PBXBuildFile; fileRef = D91FCB10B3542182818DE8D6 /* TournamentsRouter.swift */; };
		D91FCD7A82E882B0DB532445 /* AuthViewController.swift in Sources */ = {isa = PBXBuildFile; fileRef = D91FC4AB436C1778A5CFC5E8 /* AuthViewController.swift */; };
/* End PBXBuildFile section */

/* Begin PBXFileReference section */
		01FFDCA2253FA08B001244D1 /* ChessAggregator.app */ = {isa = PBXFileReference; explicitFileType = wrapper.application; includeInIndex = 0; path = ChessAggregator.app; sourceTree = BUILT_PRODUCTS_DIR; };
		01FFDCA5253FA08B001244D1 /* AppDelegate.swift */ = {isa = PBXFileReference; lastKnownFileType = sourcecode.swift; path = AppDelegate.swift; sourceTree = "<group>"; };
		01FFDCA7253FA08B001244D1 /* SceneDelegate.swift */ = {isa = PBXFileReference; lastKnownFileType = sourcecode.swift; path = SceneDelegate.swift; sourceTree = "<group>"; };
		01FFDCAE253FA091001244D1 /* Assets.xcassets */ = {isa = PBXFileReference; lastKnownFileType = folder.assetcatalog; path = Assets.xcassets; sourceTree = "<group>"; };
		01FFDCB1253FA091001244D1 /* Base */ = {isa = PBXFileReference; lastKnownFileType = file.storyboard; name = Base; path = Base.lproj/LaunchScreen.storyboard; sourceTree = "<group>"; };
		01FFDCB3253FA091001244D1 /* Info.plist */ = {isa = PBXFileReference; lastKnownFileType = text.plist.xml; path = Info.plist; sourceTree = "<group>"; };
		01FFDCBA253FA140001244D1 /* GoogleService-Info.plist */ = {isa = PBXFileReference; fileEncoding = 4; lastKnownFileType = text.plist.xml; path = "GoogleService-Info.plist"; sourceTree = "<group>"; };
		18B12E458DDE1504B14DC4CC /* Pods-ChessAggregator.release.xcconfig */ = {isa = PBXFileReference; includeInIndex = 1; lastKnownFileType = text.xcconfig; name = "Pods-ChessAggregator.release.xcconfig"; path = "Target Support Files/Pods-ChessAggregator/Pods-ChessAggregator.release.xcconfig"; sourceTree = "<group>"; };
		613E7483DAF7CFE6E33A5A2C /* Pods_ChessAggregator.framework */ = {isa = PBXFileReference; explicitFileType = wrapper.framework; includeInIndex = 0; path = Pods_ChessAggregator.framework; sourceTree = BUILT_PRODUCTS_DIR; };
		730407F4255060D40036E7A6 /* HTTPMethods.swift */ = {isa = PBXFileReference; lastKnownFileType = sourcecode.swift; path = HTTPMethods.swift; sourceTree = "<group>"; };
		730407FB255064FE0036E7A6 /* TournamentModel.swift */ = {isa = PBXFileReference; lastKnownFileType = sourcecode.swift; path = TournamentModel.swift; sourceTree = "<group>"; };
		BAAF54D7FF0B6F3A13447F17 /* Pods-ChessAggregator.debug.xcconfig */ = {isa = PBXFileReference; includeInIndex = 1; lastKnownFileType = text.xcconfig; name = "Pods-ChessAggregator.debug.xcconfig"; path = "Target Support Files/Pods-ChessAggregator/Pods-ChessAggregator.debug.xcconfig"; sourceTree = "<group>"; };
		C3E0B9502550802300F69BD4 /* AuthVC.swift */ = {isa = PBXFileReference; fileEncoding = 4; lastKnownFileType = sourcecode.swift; path = AuthVC.swift; sourceTree = "<group>"; };
		C3E0B9532550803800F69BD4 /* AutoLayoutView.swift */ = {isa = PBXFileReference; fileEncoding = 4; lastKnownFileType = sourcecode.swift; path = AutoLayoutView.swift; sourceTree = "<group>"; };
		C3E0B9542550803800F69BD4 /* UIView+Layout.swift */ = {isa = PBXFileReference; fileEncoding = 4; lastKnownFileType = sourcecode.swift; path = "UIView+Layout.swift"; sourceTree = "<group>"; };
		C3F1630B2550A962001855DD /* TournamentsVC.swift */ = {isa = PBXFileReference; lastKnownFileType = sourcecode.swift; path = TournamentsVC.swift; sourceTree = "<group>"; };
		D91FC03AA6D9E982993DE2D5 /* TournamentsProtocols.swift */ = {isa = PBXFileReference; fileEncoding = 4; lastKnownFileType = sourcecode.swift; path = TournamentsProtocols.swift; sourceTree = "<group>"; };
		D91FC30C67C687C90C184901 /* TournamentsContainer.swift */ = {isa = PBXFileReference; fileEncoding = 4; lastKnownFileType = sourcecode.swift; path = TournamentsContainer.swift; sourceTree = "<group>"; };
		D91FC3BC2837216F64997993 /* AuthInteractor.swift */ = {isa = PBXFileReference; fileEncoding = 4; lastKnownFileType = sourcecode.swift; path = AuthInteractor.swift; sourceTree = "<group>"; };
		D91FC4AB436C1778A5CFC5E8 /* AuthViewController.swift */ = {isa = PBXFileReference; fileEncoding = 4; lastKnownFileType = sourcecode.swift; path = AuthViewController.swift; sourceTree = "<group>"; };
		D91FC543A0756504B2B2DB45 /* TournamentsInteractor.swift */ = {isa = PBXFileReference; fileEncoding = 4; lastKnownFileType = sourcecode.swift; path = TournamentsInteractor.swift; sourceTree = "<group>"; };
		D91FC66093C6DA97CB761E4F /* AuthContainer.swift */ = {isa = PBXFileReference; fileEncoding = 4; lastKnownFileType = sourcecode.swift; path = AuthContainer.swift; sourceTree = "<group>"; };
		D91FC6C3669552D392D65313 /* AuthProtocols.swift */ = {isa = PBXFileReference; fileEncoding = 4; lastKnownFileType = sourcecode.swift; path = AuthProtocols.swift; sourceTree = "<group>"; };
		D91FC7C7D0CC4277DD1E91A2 /* TournamentsViewController.swift */ = {isa = PBXFileReference; fileEncoding = 4; lastKnownFileType = sourcecode.swift; path = TournamentsViewController.swift; sourceTree = "<group>"; };
		D91FC87A2F40F49F65B0D951 /* AuthRouter.swift */ = {isa = PBXFileReference; fileEncoding = 4; lastKnownFileType = sourcecode.swift; path = AuthRouter.swift; sourceTree = "<group>"; };
		D91FCB10B3542182818DE8D6 /* TournamentsRouter.swift */ = {isa = PBXFileReference; fileEncoding = 4; lastKnownFileType = sourcecode.swift; path = TournamentsRouter.swift; sourceTree = "<group>"; };
		D91FCB1324A9B3BA6DA9D0D5 /* AuthPresenter.swift */ = {isa = PBXFileReference; fileEncoding = 4; lastKnownFileType = sourcecode.swift; path = AuthPresenter.swift; sourceTree = "<group>"; };
		D91FCCB1D80059C36A745E9B /* TournamentsPresenter.swift */ = {isa = PBXFileReference; fileEncoding = 4; lastKnownFileType = sourcecode.swift; path = TournamentsPresenter.swift; sourceTree = "<group>"; };
/* End PBXFileReference section */

/* Begin PBXFrameworksBuildPhase section */
		01FFDC9F253FA08B001244D1 /* Frameworks */ = {
			isa = PBXFrameworksBuildPhase;
			buildActionMask = 2147483647;
			files = (
				C4FF388FB9FAF949E2700B80 /* Pods_ChessAggregator.framework in Frameworks */,
			);
			runOnlyForDeploymentPostprocessing = 0;
		};
/* End PBXFrameworksBuildPhase section */

/* Begin PBXGroup section */
		01FFDC99253FA08B001244D1 = {
			isa = PBXGroup;
			children = (
				B79ADC37DD382A392135B108 /* Pods */,
				01FFDCA4253FA08B001244D1 /* ChessAggregator */,
				D00E0B4F29C6829A60518CAA /* Frameworks */,
			);
			sourceTree = "<group>";
		};
		01FFDCA3253FA08B001244D1 /* Products */ = {
			isa = PBXGroup;
			children = (
				01FFDCA2253FA08B001244D1 /* ChessAggregator.app */,
			);
			name = Products;
			path = ..;
			sourceTree = "<group>";
		};
		01FFDCA4253FA08B001244D1 /* ChessAggregator */ = {
			isa = PBXGroup;
			children = (
				01FFDCA5253FA08B001244D1 /* AppDelegate.swift */,
				01FFDCA7253FA08B001244D1 /* SceneDelegate.swift */,
				C3E0B9502550802300F69BD4 /* AuthVC.swift */,
				C3F1630B2550A962001855DD /* TournamentsVC.swift */,
				730407F4255060D40036E7A6 /* HTTPMethods.swift */,
				730407FB255064FE0036E7A6 /* TournamentModel.swift */,
				01FFDCAE253FA091001244D1 /* Assets.xcassets */,
				C3E0B9532550803800F69BD4 /* AutoLayoutView.swift */,
				C3E0B9542550803800F69BD4 /* UIView+Layout.swift */,
				01FFDCB3253FA091001244D1 /* Info.plist */,
				01FFDCBA253FA140001244D1 /* GoogleService-Info.plist */,
				01FFDCB0253FA091001244D1 /* LaunchScreen.storyboard */,
				01FFDCA3253FA08B001244D1 /* Products */,
				D91FC00A533AFE2332E6F2F3 /* Tournaments */,
				D91FC0279180F3C0EFEA024F /* Auth */,
			);
			path = ChessAggregator;
			sourceTree = "<group>";
		};
		B79ADC37DD382A392135B108 /* Pods */ = {
			isa = PBXGroup;
			children = (
				BAAF54D7FF0B6F3A13447F17 /* Pods-ChessAggregator.debug.xcconfig */,
				18B12E458DDE1504B14DC4CC /* Pods-ChessAggregator.release.xcconfig */,
			);
			path = Pods;
			sourceTree = "<group>";
		};
		D00E0B4F29C6829A60518CAA /* Frameworks */ = {
			isa = PBXGroup;
			children = (
				613E7483DAF7CFE6E33A5A2C /* Pods_ChessAggregator.framework */,
			);
			name = Frameworks;
			sourceTree = "<group>";
		};
		D91FC00A533AFE2332E6F2F3 /* Tournaments */ = {
			isa = PBXGroup;
			children = (
				D91FCCB1D80059C36A745E9B /* TournamentsPresenter.swift */,
				D91FCB10B3542182818DE8D6 /* TournamentsRouter.swift */,
				D91FC7C7D0CC4277DD1E91A2 /* TournamentsViewController.swift */,
				D91FC03AA6D9E982993DE2D5 /* TournamentsProtocols.swift */,
				D91FC543A0756504B2B2DB45 /* TournamentsInteractor.swift */,
				D91FC30C67C687C90C184901 /* TournamentsContainer.swift */,
			);
			path = Tournaments;
			sourceTree = "<group>";
		};
		D91FC0279180F3C0EFEA024F /* Auth */ = {
			isa = PBXGroup;
			children = (
				D91FCB1324A9B3BA6DA9D0D5 /* AuthPresenter.swift */,
				D91FC87A2F40F49F65B0D951 /* AuthRouter.swift */,
				D91FC4AB436C1778A5CFC5E8 /* AuthViewController.swift */,
				D91FC6C3669552D392D65313 /* AuthProtocols.swift */,
				D91FC3BC2837216F64997993 /* AuthInteractor.swift */,
				D91FC66093C6DA97CB761E4F /* AuthContainer.swift */,
			);
			path = Auth;
			sourceTree = "<group>";
		};
/* End PBXGroup section */

/* Begin PBXNativeTarget section */
		01FFDCA1253FA08B001244D1 /* ChessAggregator */ = {
			isa = PBXNativeTarget;
			buildConfigurationList = 01FFDCB6253FA091001244D1 /* Build configuration list for PBXNativeTarget "ChessAggregator" */;
			buildPhases = (
				E92B1A25107390A539A9F494 /* [CP] Check Pods Manifest.lock */,
				01FFDC9E253FA08B001244D1 /* Sources */,
				01FFDC9F253FA08B001244D1 /* Frameworks */,
				01FFDCA0253FA08B001244D1 /* Resources */,
				96FB2E4844DAE3C11285F269 /* [CP] Embed Pods Frameworks */,
			);
			buildRules = (
			);
			dependencies = (
			);
			name = ChessAggregator;
			packageProductDependencies = (
				730407F82550617C0036E7A6,
			);
			productName = ChessAggregator;
			productReference = 01FFDCA2253FA08B001244D1 /* ChessAggregator.app */;
			productType = "com.apple.product-type.application";
		};
/* End PBXNativeTarget section */

/* Begin PBXProject section */
		01FFDC9A253FA08B001244D1 /* Project object */ = {
			isa = PBXProject;
			attributes = {
				LastSwiftUpdateCheck = 1200;
				LastUpgradeCheck = 1200;
				TargetAttributes = {
					01FFDCA1253FA08B001244D1 = {
						CreatedOnToolsVersion = 12.0.1;
					};
				};
			};
			buildConfigurationList = 01FFDC9D253FA08B001244D1 /* Build configuration list for PBXProject "ChessAggregator" */;
			compatibilityVersion = "Xcode 9.3";
			developmentRegion = en;
			hasScannedForEncodings = 0;
			knownRegions = (
				en,
				Base,
			);
			mainGroup = 01FFDC99253FA08B001244D1;
			packageReferences = (
				730407F72550617C0036E7A6,
			);
			productRefGroup = 01FFDCA3253FA08B001244D1 /* Products */;
			projectDirPath = "";
			projectRoot = "";
			targets = (
				01FFDCA1253FA08B001244D1 /* ChessAggregator */,
			);
		};
/* End PBXProject section */

/* Begin PBXResourcesBuildPhase section */
		01FFDCA0253FA08B001244D1 /* Resources */ = {
			isa = PBXResourcesBuildPhase;
			buildActionMask = 2147483647;
			files = (
				01FFDCB2253FA091001244D1 /* LaunchScreen.storyboard in Resources */,
				01FFDCAF253FA091001244D1 /* Assets.xcassets in Resources */,
				01FFDCBB253FA140001244D1 /* GoogleService-Info.plist in Resources */,
			);
			runOnlyForDeploymentPostprocessing = 0;
		};
/* End PBXResourcesBuildPhase section */

/* Begin PBXShellScriptBuildPhase section */
		96FB2E4844DAE3C11285F269 /* [CP] Embed Pods Frameworks */ = {
			isa = PBXShellScriptBuildPhase;
			buildActionMask = 2147483647;
			files = (
			);
			inputFileListPaths = (
				"${PODS_ROOT}/Target Support Files/Pods-ChessAggregator/Pods-ChessAggregator-frameworks-${CONFIGURATION}-input-files.xcfilelist",
			);
			name = "[CP] Embed Pods Frameworks";
			outputFileListPaths = (
				"${PODS_ROOT}/Target Support Files/Pods-ChessAggregator/Pods-ChessAggregator-frameworks-${CONFIGURATION}-output-files.xcfilelist",
			);
			runOnlyForDeploymentPostprocessing = 0;
			shellPath = /bin/sh;
			shellScript = "\"${PODS_ROOT}/Target Support Files/Pods-ChessAggregator/Pods-ChessAggregator-frameworks.sh\"\n";
			showEnvVarsInLog = 0;
		};
		E92B1A25107390A539A9F494 /* [CP] Check Pods Manifest.lock */ = {
			isa = PBXShellScriptBuildPhase;
			buildActionMask = 2147483647;
			files = (
			);
			inputFileListPaths = (
			);
			inputPaths = (
				"${PODS_PODFILE_DIR_PATH}/Podfile.lock",
				"${PODS_ROOT}/Manifest.lock",
			);
			name = "[CP] Check Pods Manifest.lock";
			outputFileListPaths = (
			);
			outputPaths = (
				"$(DERIVED_FILE_DIR)/Pods-ChessAggregator-checkManifestLockResult.txt",
			);
			runOnlyForDeploymentPostprocessing = 0;
			shellPath = /bin/sh;
			shellScript = "diff \"${PODS_PODFILE_DIR_PATH}/Podfile.lock\" \"${PODS_ROOT}/Manifest.lock\" > /dev/null\nif [ $? != 0 ] ; then\n    # print error to STDERR\n    echo \"error: The sandbox is not in sync with the Podfile.lock. Run 'pod install' or update your CocoaPods installation.\" >&2\n    exit 1\nfi\n# This output is used by Xcode 'outputs' to avoid re-running this script phase.\necho \"SUCCESS\" > \"${SCRIPT_OUTPUT_FILE_0}\"\n";
			showEnvVarsInLog = 0;
		};
/* End PBXShellScriptBuildPhase section */

/* Begin PBXSourcesBuildPhase section */
		01FFDC9E253FA08B001244D1 /* Sources */ = {
			isa = PBXSourcesBuildPhase;
			buildActionMask = 2147483647;
			files = (
				C3E0B9512550802300F69BD4 /* AuthVC.swift in Sources */,
				730407FC255064FE0036E7A6 /* TournamentModel.swift in Sources */,
				730407F5255060D40036E7A6 /* HTTPMethods.swift in Sources */,
				01FFDCA6253FA08B001244D1 /* AppDelegate.swift in Sources */,
				01FFDCA8253FA08B001244D1 /* SceneDelegate.swift in Sources */,
				C3E0B9562550803800F69BD4 /* UIView+Layout.swift in Sources */,
				C3E0B9552550803800F69BD4 /* AutoLayoutView.swift in Sources */,
				C3F1630C2550A962001855DD /* TournamentsVC.swift in Sources */,
				D91FC19CE69AC3C7932B74BF /* AuthPresenter.swift in Sources */,
				D91FCC8D5831C32B88A014FA /* AuthRouter.swift in Sources */,
				D91FCD7A82E882B0DB532445 /* AuthViewController.swift in Sources */,
				D91FC432D1985359C7874045 /* AuthProtocols.swift in Sources */,
				D91FCAE3687D8AD5B8BF7969 /* AuthInteractor.swift in Sources */,
				D91FC6A5A0482F243ADE2513 /* AuthContainer.swift in Sources */,
				D91FC7C910B81067DB822A0D /* TournamentsPresenter.swift in Sources */,
				D91FCCECC26E3CAFA2075560 /* TournamentsRouter.swift in Sources */,
				D91FCBF5DD7C26871828507A /* TournamentsViewController.swift in Sources */,
				D91FCA14AD43EB34EF43BE72 /* TournamentsProtocols.swift in Sources */,
				D91FCC49F950A6678ED1A68F /* TournamentsInteractor.swift in Sources */,
				D91FC68D5ABD87564A45ADEA /* TournamentsContainer.swift in Sources */,
			);
			runOnlyForDeploymentPostprocessing = 0;
		};
/* End PBXSourcesBuildPhase section */

/* Begin PBXVariantGroup section */
		01FFDCB0253FA091001244D1 /* LaunchScreen.storyboard */ = {
			isa = PBXVariantGroup;
			children = (
				01FFDCB1253FA091001244D1 /* Base */,
			);
			name = LaunchScreen.storyboard;
			sourceTree = "<group>";
		};
/* End PBXVariantGroup section */

/* Begin XCBuildConfiguration section */
		01FFDCB4253FA091001244D1 /* Debug */ = {
			isa = XCBuildConfiguration;
			buildSettings = {
				ALWAYS_SEARCH_USER_PATHS = NO;
				CLANG_ANALYZER_NONNULL = YES;
				CLANG_ANALYZER_NUMBER_OBJECT_CONVERSION = YES_AGGRESSIVE;
				CLANG_CXX_LANGUAGE_STANDARD = "gnu++14";
				CLANG_CXX_LIBRARY = "libc++";
				CLANG_ENABLE_MODULES = YES;
				CLANG_ENABLE_OBJC_ARC = YES;
				CLANG_ENABLE_OBJC_WEAK = YES;
				CLANG_WARN_BLOCK_CAPTURE_AUTORELEASING = YES;
				CLANG_WARN_BOOL_CONVERSION = YES;
				CLANG_WARN_COMMA = YES;
				CLANG_WARN_CONSTANT_CONVERSION = YES;
				CLANG_WARN_DEPRECATED_OBJC_IMPLEMENTATIONS = YES;
				CLANG_WARN_DIRECT_OBJC_ISA_USAGE = YES_ERROR;
				CLANG_WARN_DOCUMENTATION_COMMENTS = YES;
				CLANG_WARN_EMPTY_BODY = YES;
				CLANG_WARN_ENUM_CONVERSION = YES;
				CLANG_WARN_INFINITE_RECURSION = YES;
				CLANG_WARN_INT_CONVERSION = YES;
				CLANG_WARN_NON_LITERAL_NULL_CONVERSION = YES;
				CLANG_WARN_OBJC_IMPLICIT_RETAIN_SELF = YES;
				CLANG_WARN_OBJC_LITERAL_CONVERSION = YES;
				CLANG_WARN_OBJC_ROOT_CLASS = YES_ERROR;
				CLANG_WARN_QUOTED_INCLUDE_IN_FRAMEWORK_HEADER = YES;
				CLANG_WARN_RANGE_LOOP_ANALYSIS = YES;
				CLANG_WARN_STRICT_PROTOTYPES = YES;
				CLANG_WARN_SUSPICIOUS_MOVE = YES;
				CLANG_WARN_UNGUARDED_AVAILABILITY = YES_AGGRESSIVE;
				CLANG_WARN_UNREACHABLE_CODE = YES;
				CLANG_WARN__DUPLICATE_METHOD_MATCH = YES;
				COPY_PHASE_STRIP = NO;
				DEBUG_INFORMATION_FORMAT = dwarf;
				ENABLE_STRICT_OBJC_MSGSEND = YES;
				ENABLE_TESTABILITY = YES;
				GCC_C_LANGUAGE_STANDARD = gnu11;
				GCC_DYNAMIC_NO_PIC = NO;
				GCC_NO_COMMON_BLOCKS = YES;
				GCC_OPTIMIZATION_LEVEL = 0;
				GCC_PREPROCESSOR_DEFINITIONS = (
					"DEBUG=1",
					"$(inherited)",
				);
				GCC_WARN_64_TO_32_BIT_CONVERSION = YES;
				GCC_WARN_ABOUT_RETURN_TYPE = YES_ERROR;
				GCC_WARN_UNDECLARED_SELECTOR = YES;
				GCC_WARN_UNINITIALIZED_AUTOS = YES_AGGRESSIVE;
				GCC_WARN_UNUSED_FUNCTION = YES;
				GCC_WARN_UNUSED_VARIABLE = YES;
				IPHONEOS_DEPLOYMENT_TARGET = 14.0;
				MTL_ENABLE_DEBUG_INFO = INCLUDE_SOURCE;
				MTL_FAST_MATH = YES;
				ONLY_ACTIVE_ARCH = YES;
				SDKROOT = iphoneos;
				SWIFT_ACTIVE_COMPILATION_CONDITIONS = DEBUG;
				SWIFT_OPTIMIZATION_LEVEL = "-Onone";
			};
			name = Debug;
		};
		01FFDCB5253FA091001244D1 /* Release */ = {
			isa = XCBuildConfiguration;
			buildSettings = {
				ALWAYS_SEARCH_USER_PATHS = NO;
				CLANG_ANALYZER_NONNULL = YES;
				CLANG_ANALYZER_NUMBER_OBJECT_CONVERSION = YES_AGGRESSIVE;
				CLANG_CXX_LANGUAGE_STANDARD = "gnu++14";
				CLANG_CXX_LIBRARY = "libc++";
				CLANG_ENABLE_MODULES = YES;
				CLANG_ENABLE_OBJC_ARC = YES;
				CLANG_ENABLE_OBJC_WEAK = YES;
				CLANG_WARN_BLOCK_CAPTURE_AUTORELEASING = YES;
				CLANG_WARN_BOOL_CONVERSION = YES;
				CLANG_WARN_COMMA = YES;
				CLANG_WARN_CONSTANT_CONVERSION = YES;
				CLANG_WARN_DEPRECATED_OBJC_IMPLEMENTATIONS = YES;
				CLANG_WARN_DIRECT_OBJC_ISA_USAGE = YES_ERROR;
				CLANG_WARN_DOCUMENTATION_COMMENTS = YES;
				CLANG_WARN_EMPTY_BODY = YES;
				CLANG_WARN_ENUM_CONVERSION = YES;
				CLANG_WARN_INFINITE_RECURSION = YES;
				CLANG_WARN_INT_CONVERSION = YES;
				CLANG_WARN_NON_LITERAL_NULL_CONVERSION = YES;
				CLANG_WARN_OBJC_IMPLICIT_RETAIN_SELF = YES;
				CLANG_WARN_OBJC_LITERAL_CONVERSION = YES;
				CLANG_WARN_OBJC_ROOT_CLASS = YES_ERROR;
				CLANG_WARN_QUOTED_INCLUDE_IN_FRAMEWORK_HEADER = YES;
				CLANG_WARN_RANGE_LOOP_ANALYSIS = YES;
				CLANG_WARN_STRICT_PROTOTYPES = YES;
				CLANG_WARN_SUSPICIOUS_MOVE = YES;
				CLANG_WARN_UNGUARDED_AVAILABILITY = YES_AGGRESSIVE;
				CLANG_WARN_UNREACHABLE_CODE = YES;
				CLANG_WARN__DUPLICATE_METHOD_MATCH = YES;
				COPY_PHASE_STRIP = NO;
				DEBUG_INFORMATION_FORMAT = "dwarf-with-dsym";
				ENABLE_NS_ASSERTIONS = NO;
				ENABLE_STRICT_OBJC_MSGSEND = YES;
				GCC_C_LANGUAGE_STANDARD = gnu11;
				GCC_NO_COMMON_BLOCKS = YES;
				GCC_WARN_64_TO_32_BIT_CONVERSION = YES;
				GCC_WARN_ABOUT_RETURN_TYPE = YES_ERROR;
				GCC_WARN_UNDECLARED_SELECTOR = YES;
				GCC_WARN_UNINITIALIZED_AUTOS = YES_AGGRESSIVE;
				GCC_WARN_UNUSED_FUNCTION = YES;
				GCC_WARN_UNUSED_VARIABLE = YES;
				IPHONEOS_DEPLOYMENT_TARGET = 14.0;
				MTL_ENABLE_DEBUG_INFO = NO;
				MTL_FAST_MATH = YES;
				SDKROOT = iphoneos;
				SWIFT_COMPILATION_MODE = wholemodule;
				SWIFT_OPTIMIZATION_LEVEL = "-O";
				VALIDATE_PRODUCT = YES;
			};
			name = Release;
		};
		01FFDCB7253FA091001244D1 /* Debug */ = {
			isa = XCBuildConfiguration;
			baseConfigurationReference = BAAF54D7FF0B6F3A13447F17 /* Pods-ChessAggregator.debug.xcconfig */;
			buildSettings = {
				ASSETCATALOG_COMPILER_APPICON_NAME = AppIcon;
				ASSETCATALOG_COMPILER_GLOBAL_ACCENT_COLOR_NAME = AccentColor;
				CODE_SIGN_STYLE = Automatic;
				DEVELOPMENT_TEAM = 9P2Q9LCYN9;
				INFOPLIST_FILE = ChessAggregator/Info.plist;
				LD_RUNPATH_SEARCH_PATHS = (
					"$(inherited)",
					"@executable_path/Frameworks",
				);
				PRODUCT_BUNDLE_IDENTIFIER = nickpuchko.ChessAggregator;
				PRODUCT_NAME = "$(TARGET_NAME)";
				SWIFT_VERSION = 5.0;
				TARGETED_DEVICE_FAMILY = 1;
			};
			name = Debug;
		};
		01FFDCB8253FA091001244D1 /* Release */ = {
			isa = XCBuildConfiguration;
			baseConfigurationReference = 18B12E458DDE1504B14DC4CC /* Pods-ChessAggregator.release.xcconfig */;
			buildSettings = {
				ASSETCATALOG_COMPILER_APPICON_NAME = AppIcon;
				ASSETCATALOG_COMPILER_GLOBAL_ACCENT_COLOR_NAME = AccentColor;
				CODE_SIGN_STYLE = Automatic;
				DEVELOPMENT_TEAM = 9P2Q9LCYN9;
				INFOPLIST_FILE = ChessAggregator/Info.plist;
				LD_RUNPATH_SEARCH_PATHS = (
					"$(inherited)",
					"@executable_path/Frameworks",
				);
				PRODUCT_BUNDLE_IDENTIFIER = nickpuchko.ChessAggregator;
				PRODUCT_NAME = "$(TARGET_NAME)";
				SWIFT_VERSION = 5.0;
				TARGETED_DEVICE_FAMILY = 1;
			};
			name = Release;
		};
/* End XCBuildConfiguration section */

/* Begin XCConfigurationList section */
		01FFDC9D253FA08B001244D1 /* Build configuration list for PBXProject "ChessAggregator" */ = {
			isa = XCConfigurationList;
			buildConfigurations = (
				01FFDCB4253FA091001244D1 /* Debug */,
				01FFDCB5253FA091001244D1 /* Release */,
			);
			defaultConfigurationIsVisible = 0;
			defaultConfigurationName = Release;
		};
		01FFDCB6253FA091001244D1 /* Build configuration list for PBXNativeTarget "ChessAggregator" */ = {
			isa = XCConfigurationList;
			buildConfigurations = (
				01FFDCB7253FA091001244D1 /* Debug */,
				01FFDCB8253FA091001244D1 /* Release */,
			);
			defaultConfigurationIsVisible = 0;
			defaultConfigurationName = Release;
		};
/* End XCConfigurationList section */

/* Begin XCRemoteSwiftPackageReference section */
		730407F72550617C0036E7A6 = {
			isa = XCRemoteSwiftPackageReference;
			repositoryURL = "https://github.com/jrendel/SwiftKeychainWrapper.git";
			requirement = {
				kind = upToNextMajorVersion;
				minimumVersion = 4.0.1;
			};
		};
/* End XCRemoteSwiftPackageReference section */

/* Begin XCSwiftPackageProductDependency section */
		730407F82550617C0036E7A6 = {
			isa = XCSwiftPackageProductDependency;
			package = 730407F72550617C0036E7A6;
			productName = SwiftKeychainWrapper;
		};
/* End XCSwiftPackageProductDependency section */
	};
	rootObject = 01FFDC9A253FA08B001244D1 /* Project object */;
}
