// !$*UTF8*$!
{
	archiveVersion = 1;
	classes = {
	};
	objectVersion = 52;
	objects = {

/* Begin PBXBuildFile section */
		01FFDCA6253FA08B001244D1 /* AppDelegate.swift in Sources */ = {isa = PBXBuildFile; fileRef = 01FFDCA5253FA08B001244D1 /* AppDelegate.swift */; };
		01FFDCAF253FA091001244D1 /* Assets.xcassets in Resources */ = {isa = PBXBuildFile; fileRef = 01FFDCAE253FA091001244D1 /* Assets.xcassets */; };
		01FFDCB2253FA091001244D1 /* LaunchScreen.storyboard in Resources */ = {isa = PBXBuildFile; fileRef = 01FFDCB0253FA091001244D1 /* LaunchScreen.storyboard */; };
		01FFDCBB253FA140001244D1 /* GoogleService-Info.plist in Resources */ = {isa = PBXBuildFile; fileRef = 01FFDCBA253FA140001244D1 /* GoogleService-Info.plist */; };
		6AC9715C76583C1BB9DDF949 /* RegistrationProtocols.swift in Sources */ = {isa = PBXBuildFile; fileRef = 6AC975AA37047A6F5E497F2B /* RegistrationProtocols.swift */; };
		6AC9716C4E780D25C86575EA /* ScrollableStackView.swift in Sources */ = {isa = PBXBuildFile; fileRef = 6AC979F80F68467B6056BE62 /* ScrollableStackView.swift */; };
		6AC9721558890A120707DCBE /* NumberRegistrationConfigurator.swift in Sources */ = {isa = PBXBuildFile; fileRef = 6AC978FB9F853559B2952202 /* NumberRegistrationConfigurator.swift */; };
 Registr
		6AC972935C9E4CBE3FFF2B05 /* AuthRouter.swift in Sources */ = {isa = PBXBuildFile; fileRef = 6AC97EB8203DAE2F5A9B44D0 /* AuthRouter.swift */; };
		6AC97382D07275AF0B76BE69 /* PhoneNumberRegistrationRouter.swift in Sources */ = {isa = PBXBuildFile; fileRef = 6AC97B1861FE999F36D6EEED /* PhoneNumberRegistrationRouter.swift */; };
		6AC973839EF56970D437682F /* CurrentTournamentsRouter.swift in Sources */ = {isa = PBXBuildFile; fileRef = 6AC97ECE947CBD14D08D9DBB /* CurrentTournamentsRouter.swift */; };
		6AC9739D8904CBD7664D3E3B /* AuthProtocols.swift in Sources */ = {isa = PBXBuildFile; fileRef = 6AC977E3509655BD1C9C79BC /* AuthProtocols.swift */; };
		6AC973BE56C56D620227BF0B /* UserRegistrationProtocols.swift in Sources */ = {isa = PBXBuildFile; fileRef = 6AC97A91E1C7192A8DC8EE92 /* UserRegistrationProtocols.swift */; };
		6AC97455551260AB6321E6A4 /* AuthPresenter.swift in Sources */ = {isa = PBXBuildFile; fileRef = 6AC972332FE6693994C418B3 /* AuthPresenter.swift */; };
		6AC974CBB9ACC5AFDA04DCEE /* Styles.swift in Sources */ = {isa = PBXBuildFile; fileRef = 6AC97C9F012C685ADEE94F0D /* Styles.swift */; };
		6AC974DBDEE19C56EC671F51 /* UserRegistrationContainer.swift in Sources */ = {isa = PBXBuildFile; fileRef = 6AC978288F97CE08873FC9E3 /* UserRegistrationContainer.swift */; };
		6AC974F15BBEACA8C5C83476 /* AuthNewView.swift in Sources */ = {isa = PBXBuildFile; fileRef = 6AC97F94FB4EE2E42B587628 /* AuthNewView.swift */; };
		6AC97506A5AA095E4789662E /* SearchTournamentsViewController.swift in Sources */ = {isa = PBXBuildFile; fileRef = 6AC976628E52A6297193E5F6 /* SearchTournamentsViewController.swift */; };
		6AC9751DEF4DAFF06D620568 /* AuthInteractor.swift in Sources */ = {isa = PBXBuildFile; fileRef = 6AC97F10C74986A2767BA5A4 /* AuthInteractor.swift */; };
		6AC97557716897180F2EDEA8 /* PhoneNumberRegistrationView.swift in Sources */ = {isa = PBXBuildFile; fileRef = 6AC979A442FEE9214A769A82 /* PhoneNumberRegistrationView.swift */; };

		6AC97428C86B6A233B761918 /* RegistrationConfigurator.swift in Sources */ = {isa = PBXBuildFile; fileRef = 6AC97D59628643B7EC7BC475 /* RegistrationConfigurator.swift */; };
		6AC9743AA16F574C96937F4C /* NumberRegistrationProtocols.swift in Sources */ = {isa = PBXBuildFile; fileRef = 6AC970BBC746B3D216B60550 /* NumberRegistrationProtocols.swift */; };
		6AC9744E601797464ECE743F /* NumberRegistrationRouter.swift in Sources */ = {isa = PBXBuildFile; fileRef = 6AC973D08BF2E498B6DB1FF3 /* NumberRegistrationRouter.swift */; };
 CopyMain
		6AC975674568D9C0F1768DF9 /* RegistrationRouter.swift in Sources */ = {isa = PBXBuildFile; fileRef = 6AC97A935FF05FDB601730C3 /* RegistrationRouter.swift */; };
		6AC975910B0B5BB816FFA7DE /* NumberRegistrationViewController.swift in Sources */ = {isa = PBXBuildFile; fileRef = 6AC97AFED1966B66FCC345E8 /* NumberRegistrationViewController.swift */; };
		6AC975AE26E8151CBE5C0C0B /* UIColor.swift in Sources */ = {isa = PBXBuildFile; fileRef = 6AC97C70A2A035E42D8A6F55 /* UIColor.swift */; };
		6AC975BEF4A08CA9B48ABF76 /* CurrentTournamentsPresenter.swift in Sources */ = {isa = PBXBuildFile; fileRef = 6AC970EA7CF7DD7581E7AE6C /* CurrentTournamentsPresenter.swift */; };
		6AC975E8FB4F0F595101C4A2 /* RegistrationViewController.swift in Sources */ = {isa = PBXBuildFile; fileRef = 6AC9794E0745775921A46566 /* RegistrationViewController.swift */; };
		6AC97626AF96A99B430670D6 /* CurrentTournamentsInteractor.swift in Sources */ = {isa = PBXBuildFile; fileRef = 6AC97B489FB200EE3B2488B5 /* CurrentTournamentsInteractor.swift */; };
		6AC976867001E25DC3E9D6ED /* NumberRegistrationInteractor.swift in Sources */ = {isa = PBXBuildFile; fileRef = 6AC9718B2373F94018836B50 /* NumberRegistrationInteractor.swift */; };
 Registr
		6AC976C5CE19F0BD7DE38A7C /* PhoneNumberRegistrationProtocols.swift in Sources */ = {isa = PBXBuildFile; fileRef = 6AC9796F8A297EBFFE1720BF /* PhoneNumberRegistrationProtocols.swift */; };
		6AC9779D65C46CF886A86F92 /* CurrentTournamentsContainer.swift in Sources */ = {isa = PBXBuildFile; fileRef = 6AC97A6A6E1D6ADDFA5701DB /* CurrentTournamentsContainer.swift */; };
		6AC97802452A8F8A4375B804 /* PhoneNumberRegistrationPresenter.swift in Sources */ = {isa = PBXBuildFile; fileRef = 6AC97407C739A6D3F84E0DFC /* PhoneNumberRegistrationPresenter.swift */; };
		6AC97815032909668C26DACC /* PhoneNumberRegistrationViewController.swift in Sources */ = {isa = PBXBuildFile; fileRef = 6AC97751D5D879A37FF46E85 /* PhoneNumberRegistrationViewController.swift */; };
		6AC9786A6563B1CCD29C7CDE /* PhoneNumberRegistrationContainer.swift in Sources */ = {isa = PBXBuildFile; fileRef = 6AC972C0F6991BBFE501499A /* PhoneNumberRegistrationContainer.swift */; };
		6AC979CAF6BD9CBF2EF92714 /* SearchTournamentsRouter.swift in Sources */ = {isa = PBXBuildFile; fileRef = 6AC975FF01131FF083F11FF2 /* SearchTournamentsRouter.swift */; };
		6AC97A0C115FFA98AC8D5C4B /* FirebaseRef.swift in Sources */ = {isa = PBXBuildFile; fileRef = 6AC976FD34911FBA070234AF /* FirebaseRef.swift */; };
		6AC97A7F1E9C1F5D7BE81FEA /* PasswordExtension.swift in Sources */ = {isa = PBXBuildFile; fileRef = 6AC9725DE11A5E51FC080F0F /* PasswordExtension.swift */; };
		6AC97AB3019955AB64CCD302 /* BaseRouter.swift in Sources */ = {isa = PBXBuildFile; fileRef = 6AC97886350CD68B20F9860F /* BaseRouter.swift */; };
		6AC97B4021820CC7707CD19D /* UserRegistrationViewController.swift in Sources */ = {isa = PBXBuildFile; fileRef = 6AC971C57B5647D7E9557CF9 /* UserRegistrationViewController.swift */; };
		6AC97BCF051F108FB5655C3F /* CurrentTournamentsProtocols.swift in Sources */ = {isa = PBXBuildFile; fileRef = 6AC97989C41F39C009711E5A /* CurrentTournamentsProtocols.swift */; };
		6AC97BE8FF07CD1A48736892 /* SearchTournamentsContainer.swift in Sources */ = {isa = PBXBuildFile; fileRef = 6AC97CA0693D8C33772E3C4B /* SearchTournamentsContainer.swift */; };
		6AC97C0B0BBF02A977E55A3D /* CurrentTournamentsViewController.swift in Sources */ = {isa = PBXBuildFile; fileRef = 6AC970AAA62A26F92EC77CE4 /* CurrentTournamentsViewController.swift */; };
		6AC97C0EFE48060F47FEB81A /* UserRegistrationPlayerView.swift in Sources */ = {isa = PBXBuildFile; fileRef = 6AC9791A846EE65C04424F99 /* UserRegistrationPlayerView.swift */; };
		6AC97C11BC4E6B1FA977BFB6 /* UserReg.swift in Sources */ = {isa = PBXBuildFile; fileRef = 6AC97CE1D483F9F5F0EFA3D9 /* UserReg.swift */; };
		6AC97C2733C73AF3E784A904 /* WarningLabel.swift in Sources */ = {isa = PBXBuildFile; fileRef = 6AC97E741A3F96679DC44C71 /* WarningLabel.swift */; };
		6AC97C3BAB64ADF9B302A904 /* UserRegistrationPresenter.swift in Sources */ = {isa = PBXBuildFile; fileRef = 6AC97698B4FC1FF1E2D74474 /* UserRegistrationPresenter.swift */; };
		6AC97CB47076DF198EDF70AE /* AuthViewController.swift in Sources */ = {isa = PBXBuildFile; fileRef = 6AC97628B9B9DFE0B99737C7 /* AuthViewController.swift */; };
		6AC97D06E2B8C805B3BD91B6 /* SearchTournamentsProtocols.swift in Sources */ = {isa = PBXBuildFile; fileRef = 6AC9787CFE0DEFB61421D844 /* SearchTournamentsProtocols.swift */; };

 CopyMain
		6AC97DA1CF1AFAAC526268FA /* RegistrationPresenter.swift in Sources */ = {isa = PBXBuildFile; fileRef = 6AC975442B561D523AFFC886 /* RegistrationPresenter.swift */; };
		6AC97E8B693764A2E4ADDDD4 /* EmailExtension.swift in Sources */ = {isa = PBXBuildFile; fileRef = 6AC974BC8D700AAB6B531B67 /* EmailExtension.swift */; };
		6AC97EA1D604AA6B50F7068B /* RegistrationInteractor.swift in Sources */ = {isa = PBXBuildFile; fileRef = 6AC976D5A2E21DF669BD36D3 /* RegistrationInteractor.swift */; };
		6AC97ED8B8B4588E99F6F1D4 /* NumberRegistrationPresenter.swift in Sources */ = {isa = PBXBuildFile; fileRef = 6AC9715996B2496E7BDFD310 /* NumberRegistrationPresenter.swift */; };
		6AC97F3474E1187790EC0D95 /* SearchTournamentsPresenter.swift in Sources */ = {isa = PBXBuildFile; fileRef = 6AC9797CA3B3EFCDCCECAC24 /* SearchTournamentsPresenter.swift */; };
		6AC97F9EF2C368E3597B040E /* SearchTournamentsInteractor.swift in Sources */ = {isa = PBXBuildFile; fileRef = 6AC971D58E0BABEB95F76798 /* SearchTournamentsInteractor.swift */; };
		730407F5255060D40036E7A6 /* HTTPMethods.swift in Sources */ = {isa = PBXBuildFile; fileRef = 730407F4255060D40036E7A6 /* HTTPMethods.swift */; };
		C31943B62568C2AC0051C8C0 /* ProfileRaw.swift in Sources */ = {isa = PBXBuildFile; fileRef = C31943B52568C2AC0051C8C0 /* ProfileRaw.swift */; };
		C4FF388FB9FAF949E2700B80 /* Pods_ChessAggregator.framework in Frameworks */ = {isa = PBXBuildFile; fileRef = 613E7483DAF7CFE6E33A5A2C /* Pods_ChessAggregator.framework */; };
		D91FC08C68BB89F0AB0CE09F /* EventsSectionModel.swift in Sources */ = {isa = PBXBuildFile; fileRef = D91FCCD8A09DFC525120CF7C /* EventsSectionModel.swift */; };
		D91FC0F560E4FB2BBA875723 /* TournamentsInteractor.swift in Sources */ = {isa = PBXBuildFile; fileRef = D91FC9C7CEF3650ACB85764B /* TournamentsInteractor.swift */; };
		D91FC1030DA889FC24ADCCEC /* ProfileConfigurator.swift in Sources */ = {isa = PBXBuildFile; fileRef = D91FCAAFA7498DE0DB8A27E4 /* ProfileConfigurator.swift */; };
		D91FC10A105E8F0E4C3161A9 /* CurrentProtocols.swift in Sources */ = {isa = PBXBuildFile; fileRef = D91FC0D61C3FC8908B4A5E18 /* CurrentProtocols.swift */; };
		D91FC158966282AE89726026 /* TournamentsRouter.swift in Sources */ = {isa = PBXBuildFile; fileRef = D91FC17A04A984B52D0C3789 /* TournamentsRouter.swift */; };
		D91FC1BCA9CEF5F7417BA0B9 /* UIView+Layout.swift in Sources */ = {isa = PBXBuildFile; fileRef = D91FCEF3B255AD71D488BD6B /* UIView+Layout.swift */; };
		D91FC2161F11FDF16C1D5195 /* CreationRouter.swift in Sources */ = {isa = PBXBuildFile; fileRef = D91FCADAC2B98A264E1BACE8 /* CreationRouter.swift */; };
		D91FC26C613F6A01D1DC8398 /* Player.swift in Sources */ = {isa = PBXBuildFile; fileRef = D91FC11574DF8A92DBC0617B /* Player.swift */; };
		D91FC2B3C2642426723A6C22 /* CreationConfigurator.swift in Sources */ = {isa = PBXBuildFile; fileRef = D91FC1D1B5865D192DD81F29 /* CreationConfigurator.swift */; };
		D91FC34DB38EDFA7295E5961 /* ProfilePresenter.swift in Sources */ = {isa = PBXBuildFile; fileRef = D91FC793D630DF2CE2056AFF /* ProfilePresenter.swift */; };
		D91FC361ACCB16794B351318 /* CreationInteractor.swift in Sources */ = {isa = PBXBuildFile; fileRef = D91FC5D05BF4FAF9E4D56643 /* CreationInteractor.swift */; };
		D91FC3C58B6F310D29AD170C /* Auth_Router.swift in Sources */ = {isa = PBXBuildFile; fileRef = D91FCD8875F1287EBEF07F05 /* Auth_Router.swift */; };
		D91FC3EE1D2818C99A24B10A /* EventNameCellModel.swift in Sources */ = {isa = PBXBuildFile; fileRef = D91FCD5EF9DD67B1CEDB5604 /* EventNameCellModel.swift */; };
		D91FC4539E7DD6D93144AF72 /* EventModeCellModel.swift in Sources */ = {isa = PBXBuildFile; fileRef = D91FCD64F4C0E6811E698481 /* EventModeCellModel.swift */; };
		D91FC4651A7A4E3AB7671594 /* CurrentViewController.swift in Sources */ = {isa = PBXBuildFile; fileRef = D91FC76E941C7405ABB51E87 /* CurrentViewController.swift */; };
		D91FC47433ECB2A20E20B1A0 /* CurrentInteractor.swift in Sources */ = {isa = PBXBuildFile; fileRef = D91FC6D760559FE6A779B990 /* CurrentInteractor.swift */; };
		D91FC5042F3E661C9F697241 /* CurrentPresenter.swift in Sources */ = {isa = PBXBuildFile; fileRef = D91FCB07D9849A89A3645C7B /* CurrentPresenter.swift */; };
		D91FC580842490D71D586098 /* CurrentConfigurator.swift in Sources */ = {isa = PBXBuildFile; fileRef = D91FCD8A8494D611926CCE6F /* CurrentConfigurator.swift */; };
		D91FC5A5910A8FE627E9472C /* CreationViewController.swift in Sources */ = {isa = PBXBuildFile; fileRef = D91FCAF775FB4ECBCD904AB7 /* CreationViewController.swift */; };
		D91FC5BB244232AF91C3EBA9 /* ProfileRouter.swift in Sources */ = {isa = PBXBuildFile; fileRef = D91FCD4FE88029808539A4B4 /* ProfileRouter.swift */; };
		D91FC65EAC7C99388C755352 /* Auth_Presenter.swift in Sources */ = {isa = PBXBuildFile; fileRef = D91FC8F7442D5B0BAC5C5414 /* Auth_Presenter.swift */; };
		D91FC6C2B563286040E2F265 /* Auth_Configurator.swift in Sources */ = {isa = PBXBuildFile; fileRef = D91FCF2ED693A16B4D6E751E /* Auth_Configurator.swift */; };
		D91FC7046CE875BB2CDF11C4 /* CreationPresenter.swift in Sources */ = {isa = PBXBuildFile; fileRef = D91FCDFDF1B93E996AA85F39 /* CreationPresenter.swift */; };
		D91FC7644A60EC1D77CF516D /* EventRatingCellModel.swift in Sources */ = {isa = PBXBuildFile; fileRef = D91FC780420CEE55025EAE21 /* EventRatingCellModel.swift */; };
		D91FC76493A71AA245E6D64C /* Tournament.swift in Sources */ = {isa = PBXBuildFile; fileRef = D91FC5DE303A4B78E2E40946 /* Tournament.swift */; };
		D91FC851EAEA6097C20CFE38 /* Auth_Interactor.swift in Sources */ = {isa = PBXBuildFile; fileRef = D91FCFEAC6884947B89E77EC /* Auth_Interactor.swift */; };
		D91FC8B87F13FBE9A04BAAD0 /* Auth_Protocols.swift in Sources */ = {isa = PBXBuildFile; fileRef = D91FC89DDA5BA17C3BB660E0 /* Auth_Protocols.swift */; };
		D91FC8EA0316C52FEA6FA95E /* TabBarContoller.swift in Sources */ = {isa = PBXBuildFile; fileRef = D91FC5FE4D293882D75E5ECB /* TabBarContoller.swift */; };
		D91FC91DFBDA32DFFF5A1AF7 /* EventLocationCellModel.swift in Sources */ = {isa = PBXBuildFile; fileRef = D91FCB9486FBBB9354AEB641 /* EventLocationCellModel.swift */; };
		D91FC9A166B8F0B79396601B /* ProfileViewController.swift in Sources */ = {isa = PBXBuildFile; fileRef = D91FC78354BC30EAEA762C72 /* ProfileViewController.swift */; };
		D91FCA163A6EA0488641F96A /* TournamentsPresenter.swift in Sources */ = {isa = PBXBuildFile; fileRef = D91FC07A2E45005A9BA44F2B /* TournamentsPresenter.swift */; };
		D91FCA230504155423B9560F /* User.swift in Sources */ = {isa = PBXBuildFile; fileRef = D91FC2E367191FB43FA9AB37 /* User.swift */; };
		D91FCACE18267CF3F9C58758 /* ProfileProtocols.swift in Sources */ = {isa = PBXBuildFile; fileRef = D91FC0ACB3EC7D9920EC83C5 /* ProfileProtocols.swift */; };
		D91FCB9FA7B2370CF14AE2E2 /* ProfileInteractor.swift in Sources */ = {isa = PBXBuildFile; fileRef = D91FC3EFF32514B2B2616970 /* ProfileInteractor.swift */; };
		D91FCBEBAF1FE1D414B5D835 /* EventParser.swift in Sources */ = {isa = PBXBuildFile; fileRef = D91FC559D928F99290FB9443 /* EventParser.swift */; };
		D91FCCCB3DE4DB1A0C47A174 /* AutoLayoutView.swift in Sources */ = {isa = PBXBuildFile; fileRef = D91FC1CB6EBFFFC7483EAC76 /* AutoLayoutView.swift */; };
		D91FCD2DC0AB3033ED155DB0 /* AuthView.swift in Sources */ = {isa = PBXBuildFile; fileRef = D91FC4072FECB2201DCAADA9 /* AuthView.swift */; };
		D91FCD4F1919BFE22C09F19D /* TournamentsViewController.swift in Sources */ = {isa = PBXBuildFile; fileRef = D91FC3481B3065397D82FDC9 /* TournamentsViewController.swift */; };
		D91FCDF3F7B37283E6953867 /* Auth_ViewController.swift in Sources */ = {isa = PBXBuildFile; fileRef = D91FC393041099F03FCCDDD8 /* Auth_ViewController.swift */; };
		D91FCEA20B3CA99049C8CC95 /* CurrentRouter.swift in Sources */ = {isa = PBXBuildFile; fileRef = D91FC4451866279170AE3D36 /* CurrentRouter.swift */; };
		D91FCF722083880EA711F83A /* CreationProtocols.swift in Sources */ = {isa = PBXBuildFile; fileRef = D91FC891B1F519BBFC96C662 /* CreationProtocols.swift */; };
		D91FCF95D84184E81F62000E /* TournamentsConfigurator.swift in Sources */ = {isa = PBXBuildFile; fileRef = D91FCD4055CA000E6E6C6712 /* TournamentsConfigurator.swift */; };
		D91FCFF0127A4A4C4C1B9E8A /* TournamentsProtocols.swift in Sources */ = {isa = PBXBuildFile; fileRef = D91FC51B1E5FB9884E5AD8BF /* TournamentsProtocols.swift */; };
/* End PBXBuildFile section */

/* Begin PBXFileReference section */
		01FFDCA2253FA08B001244D1 /* ChessAggregator.app */ = {isa = PBXFileReference; explicitFileType = wrapper.application; includeInIndex = 0; path = ChessAggregator.app; sourceTree = BUILT_PRODUCTS_DIR; };
		01FFDCA5253FA08B001244D1 /* AppDelegate.swift */ = {isa = PBXFileReference; lastKnownFileType = sourcecode.swift; path = AppDelegate.swift; sourceTree = "<group>"; };
		01FFDCAE253FA091001244D1 /* Assets.xcassets */ = {isa = PBXFileReference; lastKnownFileType = folder.assetcatalog; path = Assets.xcassets; sourceTree = "<group>"; };
		01FFDCB1253FA091001244D1 /* Base */ = {isa = PBXFileReference; lastKnownFileType = file.storyboard; name = Base; path = Base.lproj/LaunchScreen.storyboard; sourceTree = "<group>"; };
		01FFDCB3253FA091001244D1 /* Info.plist */ = {isa = PBXFileReference; lastKnownFileType = text.plist.xml; path = Info.plist; sourceTree = "<group>"; };
		01FFDCBA253FA140001244D1 /* GoogleService-Info.plist */ = {isa = PBXFileReference; fileEncoding = 4; lastKnownFileType = text.plist.xml; path = "GoogleService-Info.plist"; sourceTree = "<group>"; };
		18B12E458DDE1504B14DC4CC /* Pods-ChessAggregator.release.xcconfig */ = {isa = PBXFileReference; includeInIndex = 1; lastKnownFileType = text.xcconfig; name = "Pods-ChessAggregator.release.xcconfig"; path = "Target Support Files/Pods-ChessAggregator/Pods-ChessAggregator.release.xcconfig"; sourceTree = "<group>"; };
		613E7483DAF7CFE6E33A5A2C /* Pods_ChessAggregator.framework */ = {isa = PBXFileReference; explicitFileType = wrapper.framework; includeInIndex = 0; path = Pods_ChessAggregator.framework; sourceTree = BUILT_PRODUCTS_DIR; };
		6AC970AAA62A26F92EC77CE4 /* CurrentTournamentsViewController.swift */ = {isa = PBXFileReference; fileEncoding = 4; lastKnownFileType = sourcecode.swift; path = CurrentTournamentsViewController.swift; sourceTree = "<group>"; };
		6AC970BBC746B3D216B60550 /* NumberRegistrationProtocols.swift */ = {isa = PBXFileReference; fileEncoding = 4; lastKnownFileType = sourcecode.swift; path = NumberRegistrationProtocols.swift; sourceTree = "<group>"; };
		6AC970EA7CF7DD7581E7AE6C /* CurrentTournamentsPresenter.swift */ = {isa = PBXFileReference; fileEncoding = 4; lastKnownFileType = sourcecode.swift; path = CurrentTournamentsPresenter.swift; sourceTree = "<group>"; };
		6AC9715996B2496E7BDFD310 /* NumberRegistrationPresenter.swift */ = {isa = PBXFileReference; fileEncoding = 4; lastKnownFileType = sourcecode.swift; path = NumberRegistrationPresenter.swift; sourceTree = "<group>"; };
		6AC9718B2373F94018836B50 /* NumberRegistrationInteractor.swift */ = {isa = PBXFileReference; fileEncoding = 4; lastKnownFileType = sourcecode.swift; path = NumberRegistrationInteractor.swift; sourceTree = "<group>"; };
 Registr
		6AC971C57B5647D7E9557CF9 /* UserRegistrationViewController.swift */ = {isa = PBXFileReference; fileEncoding = 4; lastKnownFileType = sourcecode.swift; path = UserRegistrationViewController.swift; sourceTree = "<group>"; };
		6AC971D58E0BABEB95F76798 /* SearchTournamentsInteractor.swift */ = {isa = PBXFileReference; fileEncoding = 4; lastKnownFileType = sourcecode.swift; path = SearchTournamentsInteractor.swift; sourceTree = "<group>"; };
		6AC972223AE2EF8316609BBB /* AuthContainer.swift */ = {isa = PBXFileReference; fileEncoding = 4; lastKnownFileType = sourcecode.swift; path = AuthContainer.swift; sourceTree = "<group>"; };
		6AC972332FE6693994C418B3 /* AuthPresenter.swift */ = {isa = PBXFileReference; fileEncoding = 4; lastKnownFileType = sourcecode.swift; path = AuthPresenter.swift; sourceTree = "<group>"; };
		6AC9725DE11A5E51FC080F0F /* PasswordExtension.swift */ = {isa = PBXFileReference; fileEncoding = 4; lastKnownFileType = sourcecode.swift; path = PasswordExtension.swift; sourceTree = "<group>"; };
		6AC972C0F6991BBFE501499A /* PhoneNumberRegistrationContainer.swift */ = {isa = PBXFileReference; fileEncoding = 4; lastKnownFileType = sourcecode.swift; path = PhoneNumberRegistrationContainer.swift; sourceTree = "<group>"; };

CopyMain
		6AC973D08BF2E498B6DB1FF3 /* NumberRegistrationRouter.swift */ = {isa = PBXFileReference; fileEncoding = 4; lastKnownFileType = sourcecode.swift; path = NumberRegistrationRouter.swift; sourceTree = "<group>"; };
		6AC974BC8D700AAB6B531B67 /* EmailExtension.swift */ = {isa = PBXFileReference; fileEncoding = 4; lastKnownFileType = sourcecode.swift; path = EmailExtension.swift; sourceTree = "<group>"; };
		6AC975442B561D523AFFC886 /* RegistrationPresenter.swift */ = {isa = PBXFileReference; fileEncoding = 4; lastKnownFileType = sourcecode.swift; path = RegistrationPresenter.swift; sourceTree = "<group>"; };
		6AC975AA37047A6F5E497F2B /* RegistrationProtocols.swift */ = {isa = PBXFileReference; fileEncoding = 4; lastKnownFileType = sourcecode.swift; path = RegistrationProtocols.swift; sourceTree = "<group>"; };
 Registr
		6AC975FF01131FF083F11FF2 /* SearchTournamentsRouter.swift */ = {isa = PBXFileReference; fileEncoding = 4; lastKnownFileType = sourcecode.swift; path = SearchTournamentsRouter.swift; sourceTree = "<group>"; };
		6AC97628B9B9DFE0B99737C7 /* AuthViewController.swift */ = {isa = PBXFileReference; fileEncoding = 4; lastKnownFileType = sourcecode.swift; path = AuthViewController.swift; sourceTree = "<group>"; };
		6AC976628E52A6297193E5F6 /* SearchTournamentsViewController.swift */ = {isa = PBXFileReference; fileEncoding = 4; lastKnownFileType = sourcecode.swift; path = SearchTournamentsViewController.swift; sourceTree = "<group>"; };
		6AC97698B4FC1FF1E2D74474 /* UserRegistrationPresenter.swift */ = {isa = PBXFileReference; fileEncoding = 4; lastKnownFileType = sourcecode.swift; path = UserRegistrationPresenter.swift; sourceTree = "<group>"; };
		6AC976FD34911FBA070234AF /* FirebaseRef.swift */ = {isa = PBXFileReference; fileEncoding = 4; lastKnownFileType = sourcecode.swift; path = FirebaseRef.swift; sourceTree = "<group>"; };
		6AC97751D5D879A37FF46E85 /* PhoneNumberRegistrationViewController.swift */ = {isa = PBXFileReference; fileEncoding = 4; lastKnownFileType = sourcecode.swift; path = PhoneNumberRegistrationViewController.swift; sourceTree = "<group>"; };
		6AC977E3509655BD1C9C79BC /* AuthProtocols.swift */ = {isa = PBXFileReference; fileEncoding = 4; lastKnownFileType = sourcecode.swift; path = AuthProtocols.swift; sourceTree = "<group>"; };
		6AC978288F97CE08873FC9E3 /* UserRegistrationContainer.swift */ = {isa = PBXFileReference; fileEncoding = 4; lastKnownFileType = sourcecode.swift; path = UserRegistrationContainer.swift; sourceTree = "<group>"; };
		6AC9787CFE0DEFB61421D844 /* SearchTournamentsProtocols.swift */ = {isa = PBXFileReference; fileEncoding = 4; lastKnownFileType = sourcecode.swift; path = SearchTournamentsProtocols.swift; sourceTree = "<group>"; };
		6AC97886350CD68B20F9860F /* BaseRouter.swift */ = {isa = PBXFileReference; fileEncoding = 4; lastKnownFileType = sourcecode.swift; path = BaseRouter.swift; sourceTree = "<group>"; };

		6AC976D5A2E21DF669BD36D3 /* RegistrationInteractor.swift */ = {isa = PBXFileReference; fileEncoding = 4; lastKnownFileType = sourcecode.swift; path = RegistrationInteractor.swift; sourceTree = "<group>"; };
 CopyMain
		6AC978FB9F853559B2952202 /* NumberRegistrationConfigurator.swift */ = {isa = PBXFileReference; fileEncoding = 4; lastKnownFileType = sourcecode.swift; path = NumberRegistrationConfigurator.swift; sourceTree = "<group>"; };
		6AC9794E0745775921A46566 /* RegistrationViewController.swift */ = {isa = PBXFileReference; fileEncoding = 4; lastKnownFileType = sourcecode.swift; path = RegistrationViewController.swift; sourceTree = "<group>"; };
 Registr
		6AC97958C0221DE701F88460 /* PhoneNumberRegistrationInteractor.swift */ = {isa = PBXFileReference; fileEncoding = 4; lastKnownFileType = sourcecode.swift; path = PhoneNumberRegistrationInteractor.swift; sourceTree = "<group>"; };
		6AC9796F8A297EBFFE1720BF /* PhoneNumberRegistrationProtocols.swift */ = {isa = PBXFileReference; fileEncoding = 4; lastKnownFileType = sourcecode.swift; path = PhoneNumberRegistrationProtocols.swift; sourceTree = "<group>"; };
		6AC9797CA3B3EFCDCCECAC24 /* SearchTournamentsPresenter.swift */ = {isa = PBXFileReference; fileEncoding = 4; lastKnownFileType = sourcecode.swift; path = SearchTournamentsPresenter.swift; sourceTree = "<group>"; };
		6AC97989C41F39C009711E5A /* CurrentTournamentsProtocols.swift */ = {isa = PBXFileReference; fileEncoding = 4; lastKnownFileType = sourcecode.swift; path = CurrentTournamentsProtocols.swift; sourceTree = "<group>"; };
		6AC979A442FEE9214A769A82 /* PhoneNumberRegistrationView.swift */ = {isa = PBXFileReference; fileEncoding = 4; lastKnownFileType = sourcecode.swift; path = PhoneNumberRegistrationView.swift; sourceTree = "<group>"; };
		6AC979F80F68467B6056BE62 /* ScrollableStackView.swift */ = {isa = PBXFileReference; fileEncoding = 4; lastKnownFileType = sourcecode.swift; path = ScrollableStackView.swift; sourceTree = "<group>"; };
		6AC97A6A6E1D6ADDFA5701DB /* CurrentTournamentsContainer.swift */ = {isa = PBXFileReference; fileEncoding = 4; lastKnownFileType = sourcecode.swift; path = CurrentTournamentsContainer.swift; sourceTree = "<group>"; };
		6AC97A91E1C7192A8DC8EE92 /* UserRegistrationProtocols.swift */ = {isa = PBXFileReference; fileEncoding = 4; lastKnownFileType = sourcecode.swift; path = UserRegistrationProtocols.swift; sourceTree = "<group>"; };
		
		6AC97B1861FE999F36D6EEED /* PhoneNumberRegistrationRouter.swift */ = {isa = PBXFileReference; fileEncoding = 4; lastKnownFileType = sourcecode.swift; path = PhoneNumberRegistrationRouter.swift; sourceTree = "<group>"; };
		6AC97B489FB200EE3B2488B5 /* CurrentTournamentsInteractor.swift */ = {isa = PBXFileReference; fileEncoding = 4; lastKnownFileType = sourcecode.swift; path = CurrentTournamentsInteractor.swift; sourceTree = "<group>"; };
		6AC97C70A2A035E42D8A6F55 /* UIColor.swift */ = {isa = PBXFileReference; fileEncoding = 4; lastKnownFileType = sourcecode.swift; path = UIColor.swift; sourceTree = "<group>"; };
		6AC97C9F012C685ADEE94F0D /* Styles.swift */ = {isa = PBXFileReference; fileEncoding = 4; lastKnownFileType = sourcecode.swift; path = Styles.swift; sourceTree = "<group>"; };
		6AC97CA0693D8C33772E3C4B /* SearchTournamentsContainer.swift */ = {isa = PBXFileReference; fileEncoding = 4; lastKnownFileType = sourcecode.swift; path = SearchTournamentsContainer.swift; sourceTree = "<group>"; };
		6AC97CE1D483F9F5F0EFA3D9 /* UserReg.swift */ = {isa = PBXFileReference; fileEncoding = 4; lastKnownFileType = sourcecode.swift; path = UserReg.swift; sourceTree = "<group>"; };
		6AC97E741A3F96679DC44C71 /* WarningLabel.swift */ = {isa = PBXFileReference; fileEncoding = 4; lastKnownFileType = sourcecode.swift; path = WarningLabel.swift; sourceTree = "<group>"; };
		6AC97EB8203DAE2F5A9B44D0 /* AuthRouter.swift */ = {isa = PBXFileReference; fileEncoding = 4; lastKnownFileType = sourcecode.swift; path = AuthRouter.swift; sourceTree = "<group>"; };
		6AC97ECE947CBD14D08D9DBB /* CurrentTournamentsRouter.swift */ = {isa = PBXFileReference; fileEncoding = 4; lastKnownFileType = sourcecode.swift; path = CurrentTournamentsRouter.swift; sourceTree = "<group>"; };
		6AC97F10C74986A2767BA5A4 /* AuthInteractor.swift */ = {isa = PBXFileReference; fileEncoding = 4; lastKnownFileType = sourcecode.swift; path = AuthInteractor.swift; sourceTree = "<group>"; };
		6AC97F94FB4EE2E42B587628 /* AuthNewView.swift */ = {isa = PBXFileReference; fileEncoding = 4; lastKnownFileType = sourcecode.swift; path = AuthNewView.swift; sourceTree = "<group>"; };

		6AC97A935FF05FDB601730C3 /* RegistrationRouter.swift */ = {isa = PBXFileReference; fileEncoding = 4; lastKnownFileType = sourcecode.swift; path = RegistrationRouter.swift; sourceTree = "<group>"; };
		6AC97AFED1966B66FCC345E8 /* NumberRegistrationViewController.swift */ = {isa = PBXFileReference; fileEncoding = 4; lastKnownFileType = sourcecode.swift; path = NumberRegistrationViewController.swift; sourceTree = "<group>"; };
		6AC97D59628643B7EC7BC475 /* RegistrationConfigurator.swift */ = {isa = PBXFileReference; fileEncoding = 4; lastKnownFileType = sourcecode.swift; path = RegistrationConfigurator.swift; sourceTree = "<group>"; };
 CopyMain
		730407F4255060D40036E7A6 /* HTTPMethods.swift */ = {isa = PBXFileReference; lastKnownFileType = sourcecode.swift; path = HTTPMethods.swift; sourceTree = "<group>"; };
		BAAF54D7FF0B6F3A13447F17 /* Pods-ChessAggregator.debug.xcconfig */ = {isa = PBXFileReference; includeInIndex = 1; lastKnownFileType = text.xcconfig; name = "Pods-ChessAggregator.debug.xcconfig"; path = "Target Support Files/Pods-ChessAggregator/Pods-ChessAggregator.debug.xcconfig"; sourceTree = "<group>"; };
		C31943B52568C2AC0051C8C0 /* ProfileRaw.swift */ = {isa = PBXFileReference; lastKnownFileType = sourcecode.swift; path = ProfileRaw.swift; sourceTree = "<group>"; };
		D91FC07A2E45005A9BA44F2B /* TournamentsPresenter.swift */ = {isa = PBXFileReference; fileEncoding = 4; lastKnownFileType = sourcecode.swift; path = TournamentsPresenter.swift; sourceTree = "<group>"; };
		D91FC0ACB3EC7D9920EC83C5 /* ProfileProtocols.swift */ = {isa = PBXFileReference; fileEncoding = 4; lastKnownFileType = sourcecode.swift; path = ProfileProtocols.swift; sourceTree = "<group>"; };
		D91FC0D61C3FC8908B4A5E18 /* CurrentProtocols.swift */ = {isa = PBXFileReference; fileEncoding = 4; lastKnownFileType = sourcecode.swift; path = CurrentProtocols.swift; sourceTree = "<group>"; };
		D91FC11574DF8A92DBC0617B /* Player.swift */ = {isa = PBXFileReference; fileEncoding = 4; lastKnownFileType = sourcecode.swift; path = Player.swift; sourceTree = "<group>"; };
		D91FC17A04A984B52D0C3789 /* TournamentsRouter.swift */ = {isa = PBXFileReference; fileEncoding = 4; lastKnownFileType = sourcecode.swift; path = TournamentsRouter.swift; sourceTree = "<group>"; };
		D91FC1CB6EBFFFC7483EAC76 /* AutoLayoutView.swift */ = {isa = PBXFileReference; fileEncoding = 4; lastKnownFileType = sourcecode.swift; path = AutoLayoutView.swift; sourceTree = "<group>"; };
		D91FC1D1B5865D192DD81F29 /* CreationConfigurator.swift */ = {isa = PBXFileReference; fileEncoding = 4; lastKnownFileType = sourcecode.swift; path = CreationConfigurator.swift; sourceTree = "<group>"; };
		D91FC2E367191FB43FA9AB37 /* User.swift */ = {isa = PBXFileReference; fileEncoding = 4; lastKnownFileType = sourcecode.swift; path = User.swift; sourceTree = "<group>"; };
		D91FC3481B3065397D82FDC9 /* TournamentsViewController.swift */ = {isa = PBXFileReference; fileEncoding = 4; lastKnownFileType = sourcecode.swift; path = TournamentsViewController.swift; sourceTree = "<group>"; };
		D91FC393041099F03FCCDDD8 /* Auth_ViewController.swift */ = {isa = PBXFileReference; fileEncoding = 4; lastKnownFileType = sourcecode.swift; path = Auth_ViewController.swift; sourceTree = "<group>"; };
		D91FC3EFF32514B2B2616970 /* ProfileInteractor.swift */ = {isa = PBXFileReference; fileEncoding = 4; lastKnownFileType = sourcecode.swift; path = ProfileInteractor.swift; sourceTree = "<group>"; };
		D91FC4072FECB2201DCAADA9 /* AuthView.swift */ = {isa = PBXFileReference; fileEncoding = 4; lastKnownFileType = sourcecode.swift; path = AuthView.swift; sourceTree = "<group>"; };
		D91FC4451866279170AE3D36 /* CurrentRouter.swift */ = {isa = PBXFileReference; fileEncoding = 4; lastKnownFileType = sourcecode.swift; path = CurrentRouter.swift; sourceTree = "<group>"; };
		D91FC51B1E5FB9884E5AD8BF /* TournamentsProtocols.swift */ = {isa = PBXFileReference; fileEncoding = 4; lastKnownFileType = sourcecode.swift; path = TournamentsProtocols.swift; sourceTree = "<group>"; };
		D91FC559D928F99290FB9443 /* EventParser.swift */ = {isa = PBXFileReference; fileEncoding = 4; lastKnownFileType = sourcecode.swift; path = EventParser.swift; sourceTree = "<group>"; };
		D91FC5D05BF4FAF9E4D56643 /* CreationInteractor.swift */ = {isa = PBXFileReference; fileEncoding = 4; lastKnownFileType = sourcecode.swift; path = CreationInteractor.swift; sourceTree = "<group>"; };
		D91FC5DE303A4B78E2E40946 /* Tournament.swift */ = {isa = PBXFileReference; fileEncoding = 4; lastKnownFileType = sourcecode.swift; path = Tournament.swift; sourceTree = "<group>"; };
		D91FC5FE4D293882D75E5ECB /* TabBarContoller.swift */ = {isa = PBXFileReference; fileEncoding = 4; lastKnownFileType = sourcecode.swift; path = TabBarContoller.swift; sourceTree = "<group>"; };
		D91FC6D760559FE6A779B990 /* CurrentInteractor.swift */ = {isa = PBXFileReference; fileEncoding = 4; lastKnownFileType = sourcecode.swift; path = CurrentInteractor.swift; sourceTree = "<group>"; };
		D91FC76E941C7405ABB51E87 /* CurrentViewController.swift */ = {isa = PBXFileReference; fileEncoding = 4; lastKnownFileType = sourcecode.swift; path = CurrentViewController.swift; sourceTree = "<group>"; };
		D91FC780420CEE55025EAE21 /* EventRatingCellModel.swift */ = {isa = PBXFileReference; fileEncoding = 4; lastKnownFileType = sourcecode.swift; path = EventRatingCellModel.swift; sourceTree = "<group>"; };
		D91FC78354BC30EAEA762C72 /* ProfileViewController.swift */ = {isa = PBXFileReference; fileEncoding = 4; lastKnownFileType = sourcecode.swift; path = ProfileViewController.swift; sourceTree = "<group>"; };
		D91FC793D630DF2CE2056AFF /* ProfilePresenter.swift */ = {isa = PBXFileReference; fileEncoding = 4; lastKnownFileType = sourcecode.swift; path = ProfilePresenter.swift; sourceTree = "<group>"; };
		D91FC891B1F519BBFC96C662 /* CreationProtocols.swift */ = {isa = PBXFileReference; fileEncoding = 4; lastKnownFileType = sourcecode.swift; path = CreationProtocols.swift; sourceTree = "<group>"; };
		D91FC89DDA5BA17C3BB660E0 /* Auth_Protocols.swift */ = {isa = PBXFileReference; fileEncoding = 4; lastKnownFileType = sourcecode.swift; path = Auth_Protocols.swift; sourceTree = "<group>"; };
		D91FC8F7442D5B0BAC5C5414 /* Auth_Presenter.swift */ = {isa = PBXFileReference; fileEncoding = 4; lastKnownFileType = sourcecode.swift; path = Auth_Presenter.swift; sourceTree = "<group>"; };
		D91FC9C7CEF3650ACB85764B /* TournamentsInteractor.swift */ = {isa = PBXFileReference; fileEncoding = 4; lastKnownFileType = sourcecode.swift; path = TournamentsInteractor.swift; sourceTree = "<group>"; };
		D91FCAAFA7498DE0DB8A27E4 /* ProfileConfigurator.swift */ = {isa = PBXFileReference; fileEncoding = 4; lastKnownFileType = sourcecode.swift; path = ProfileConfigurator.swift; sourceTree = "<group>"; };
		D91FCADAC2B98A264E1BACE8 /* CreationRouter.swift */ = {isa = PBXFileReference; fileEncoding = 4; lastKnownFileType = sourcecode.swift; path = CreationRouter.swift; sourceTree = "<group>"; };
		D91FCAF775FB4ECBCD904AB7 /* CreationViewController.swift */ = {isa = PBXFileReference; fileEncoding = 4; lastKnownFileType = sourcecode.swift; path = CreationViewController.swift; sourceTree = "<group>"; };
		D91FCB07D9849A89A3645C7B /* CurrentPresenter.swift */ = {isa = PBXFileReference; fileEncoding = 4; lastKnownFileType = sourcecode.swift; path = CurrentPresenter.swift; sourceTree = "<group>"; };
		D91FCB9486FBBB9354AEB641 /* EventLocationCellModel.swift */ = {isa = PBXFileReference; fileEncoding = 4; lastKnownFileType = sourcecode.swift; path = EventLocationCellModel.swift; sourceTree = "<group>"; };
		D91FCCD8A09DFC525120CF7C /* EventsSectionModel.swift */ = {isa = PBXFileReference; fileEncoding = 4; lastKnownFileType = sourcecode.swift; path = EventsSectionModel.swift; sourceTree = "<group>"; };
		D91FCD4055CA000E6E6C6712 /* TournamentsConfigurator.swift */ = {isa = PBXFileReference; fileEncoding = 4; lastKnownFileType = sourcecode.swift; path = TournamentsConfigurator.swift; sourceTree = "<group>"; };
		D91FCD4FE88029808539A4B4 /* ProfileRouter.swift */ = {isa = PBXFileReference; fileEncoding = 4; lastKnownFileType = sourcecode.swift; path = ProfileRouter.swift; sourceTree = "<group>"; };
		D91FCD5EF9DD67B1CEDB5604 /* EventNameCellModel.swift */ = {isa = PBXFileReference; fileEncoding = 4; lastKnownFileType = sourcecode.swift; path = EventNameCellModel.swift; sourceTree = "<group>"; };
		D91FCD64F4C0E6811E698481 /* EventModeCellModel.swift */ = {isa = PBXFileReference; fileEncoding = 4; lastKnownFileType = sourcecode.swift; path = EventModeCellModel.swift; sourceTree = "<group>"; };
		D91FCD8875F1287EBEF07F05 /* Auth_Router.swift */ = {isa = PBXFileReference; fileEncoding = 4; lastKnownFileType = sourcecode.swift; path = Auth_Router.swift; sourceTree = "<group>"; };
		D91FCD8A8494D611926CCE6F /* CurrentConfigurator.swift */ = {isa = PBXFileReference; fileEncoding = 4; lastKnownFileType = sourcecode.swift; path = CurrentConfigurator.swift; sourceTree = "<group>"; };
		D91FCDFDF1B93E996AA85F39 /* CreationPresenter.swift */ = {isa = PBXFileReference; fileEncoding = 4; lastKnownFileType = sourcecode.swift; path = CreationPresenter.swift; sourceTree = "<group>"; };
		D91FCEF3B255AD71D488BD6B /* UIView+Layout.swift */ = {isa = PBXFileReference; fileEncoding = 4; lastKnownFileType = sourcecode.swift; path = "UIView+Layout.swift"; sourceTree = "<group>"; };
		D91FCF2ED693A16B4D6E751E /* Auth_Configurator.swift */ = {isa = PBXFileReference; fileEncoding = 4; lastKnownFileType = sourcecode.swift; path = Auth_Configurator.swift; sourceTree = "<group>"; };
		D91FCFEAC6884947B89E77EC /* Auth_Interactor.swift */ = {isa = PBXFileReference; fileEncoding = 4; lastKnownFileType = sourcecode.swift; path = Auth_Interactor.swift; sourceTree = "<group>"; };
/* End PBXFileReference section */

/* Begin PBXFrameworksBuildPhase section */
		01FFDC9F253FA08B001244D1 /* Frameworks */ = {
			isa = PBXFrameworksBuildPhase;
			buildActionMask = 2147483647;
			files = (
				C4FF388FB9FAF949E2700B80 /* Pods_ChessAggregator.framework in Frameworks */,
			);
			runOnlyForDeploymentPostprocessing = 0;
		};
/* End PBXFrameworksBuildPhase section */

/* Begin PBXGroup section */
		01FFDC99253FA08B001244D1 = {
			isa = PBXGroup;
			children = (
				B79ADC37DD382A392135B108 /* Pods */,
				01FFDCA4253FA08B001244D1 /* ChessAggregator */,
				D00E0B4F29C6829A60518CAA /* Frameworks */,
			);
			sourceTree = "<group>";
		};
		01FFDCA3253FA08B001244D1 /* Products */ = {
			isa = PBXGroup;
			children = (
				01FFDCA2253FA08B001244D1 /* ChessAggregator.app */,
			);
			name = Products;
			path = ..;
			sourceTree = "<group>";
		};
		01FFDCA4253FA08B001244D1 /* ChessAggregator */ = {
			isa = PBXGroup;
			children = (
				01FFDCA5253FA08B001244D1 /* AppDelegate.swift */,
				730407F4255060D40036E7A6 /* HTTPMethods.swift */,
				01FFDCAE253FA091001244D1 /* Assets.xcassets */,
				01FFDCB3253FA091001244D1 /* Info.plist */,
				01FFDCBA253FA140001244D1 /* GoogleService-Info.plist */,
				01FFDCB0253FA091001244D1 /* LaunchScreen.storyboard */,
				01FFDCA3253FA08B001244D1 /* Products */,
				D91FC00A533AFE2332E6F2F3 /* Tournaments */,
				D91FC0279180F3C0EFEA024F /* Auth */,
				D91FC6A4DB8175C9ED293912 /* Entities */,
				D91FC6AD2BBB9A246B8C066F /* Views */,
				D91FC5FE4D293882D75E5ECB /* TabBarContoller.swift */,
				D91FC81026FE34B1A8D8C19E /* Profile */,
				D91FCB1E82EEDB873508A6D9 /* Current */,
				6AC97004A0D8623316DF6402 /* Registration */,
				6AC97E74D5F0F7CBC1F95D1F /* NumberRegistration */,
				6AC97CF89410E6EBA53F52ED /* Extensions */,
 Registr
				6AC979B946764083C6D9430A /* UserRegistration */,
				6AC9794B341DA66F26144585 /* AppCoordinator */,
				6AC97F46BB0C4EC3BACBDBE4 /* AuthNew */,
				6AC979BA01AA657206C37BD3 /* PhoneNumberRegistration */,
				6AC97D2856ACAF5C14548A60 /* GlobalConstants */,
				6AC97376FF96518D1BED9107 /* CurrentTournaments */,
				6AC97CAAF1950883DB8BF955 /* SearchTournaments */,
				6AC97DB8E2C8845F6C91B91B /* Helpers */,

				D91FCE32A316ECF050EA578D /* Services */,
				D91FC4141781EB5CC1FB93EA /* Creation */,
 CopyMain
			);
			path = ChessAggregator;
			sourceTree = "<group>";
		};
		6AC97004A0D8623316DF6402 /* Registration */ = {
			isa = PBXGroup;
			children = (
				6AC97A935FF05FDB601730C3 /* RegistrationRouter.swift */,
				6AC975442B561D523AFFC886 /* RegistrationPresenter.swift */,
				6AC975AA37047A6F5E497F2B /* RegistrationProtocols.swift */,
				6AC976D5A2E21DF669BD36D3 /* RegistrationInteractor.swift */,
				6AC97D59628643B7EC7BC475 /* RegistrationConfigurator.swift */,
				6AC9794E0745775921A46566 /* RegistrationViewController.swift */,
			);
			path = Registration;
			sourceTree = "<group>";
		};
 Registr
		6AC9713D544A63FE5C74BBC6 /* Structures */ = {
			isa = PBXGroup;
			children = (
				6AC97CE1D483F9F5F0EFA3D9 /* UserReg.swift */,
			);
			path = Structures;
			sourceTree = "<group>";
		};
		6AC97376FF96518D1BED9107 /* CurrentTournaments */ = {
			isa = PBXGroup;
			children = (
				6AC970EA7CF7DD7581E7AE6C /* CurrentTournamentsPresenter.swift */,
				6AC97ECE947CBD14D08D9DBB /* CurrentTournamentsRouter.swift */,
				6AC970AAA62A26F92EC77CE4 /* CurrentTournamentsViewController.swift */,
				6AC97989C41F39C009711E5A /* CurrentTournamentsProtocols.swift */,
				6AC97B489FB200EE3B2488B5 /* CurrentTournamentsInteractor.swift */,
				6AC97A6A6E1D6ADDFA5701DB /* CurrentTournamentsContainer.swift */,
			);
			path = CurrentTournaments;
			sourceTree = "<group>";
		};
		6AC9794B341DA66F26144585 /* AppCoordinator */ = {
			isa = PBXGroup;
			children = (
				6AC9793A308DF4900602EC89 /* AppCoordinator.swift */,
			);
			path = AppCoordinator;
			sourceTree = "<group>";
		};
		6AC979B946764083C6D9430A /* UserRegistration */ = {
			isa = PBXGroup;
			children = (
				6AC978288F97CE08873FC9E3 /* UserRegistrationContainer.swift */,
				6AC9757DD5A6A2BFCBFF52CD /* UserRegistrationInteractor.swift */,
				6AC97A91E1C7192A8DC8EE92 /* UserRegistrationProtocols.swift */,
				6AC97698B4FC1FF1E2D74474 /* UserRegistrationPresenter.swift */,
				6AC97926635C3D64EB2F98FB /* UserRegistrationRouter.swift */,
				6AC971C57B5647D7E9557CF9 /* UserRegistrationViewController.swift */,
				6AC97D7D43F4D579F27DA423 /* Views */,
				6AC9713D544A63FE5C74BBC6 /* Structures */,
			);
			path = UserRegistration;
			sourceTree = "<group>";
		};
		6AC979BA01AA657206C37BD3 /* PhoneNumberRegistration */ = {
			isa = PBXGroup;
			children = (
				6AC97407C739A6D3F84E0DFC /* PhoneNumberRegistrationPresenter.swift */,
				6AC97B1861FE999F36D6EEED /* PhoneNumberRegistrationRouter.swift */,
				6AC97751D5D879A37FF46E85 /* PhoneNumberRegistrationViewController.swift */,
				6AC9796F8A297EBFFE1720BF /* PhoneNumberRegistrationProtocols.swift */,
				6AC97958C0221DE701F88460 /* PhoneNumberRegistrationInteractor.swift */,
				6AC972C0F6991BBFE501499A /* PhoneNumberRegistrationContainer.swift */,
				6AC97E46AFC6F3FD64EBAFC9 /* Views */,
			);
			path = PhoneNumberRegistration;
			sourceTree = "<group>";
		};
		6AC97C6BFD82D795951EA2DF /* Views */ = {
			isa = PBXGroup;
			children = (
			);
			path = Views;
			sourceTree = "<group>";
		};
		6AC97CAAF1950883DB8BF955 /* SearchTournaments */ = {
			isa = PBXGroup;
			children = (
				6AC9797CA3B3EFCDCCECAC24 /* SearchTournamentsPresenter.swift */,
				6AC975FF01131FF083F11FF2 /* SearchTournamentsRouter.swift */,
				6AC976628E52A6297193E5F6 /* SearchTournamentsViewController.swift */,
				6AC9787CFE0DEFB61421D844 /* SearchTournamentsProtocols.swift */,
				6AC971D58E0BABEB95F76798 /* SearchTournamentsInteractor.swift */,
				6AC97CA0693D8C33772E3C4B /* SearchTournamentsContainer.swift */,
			);
			path = SearchTournaments;
			sourceTree = "<group>";
		};

 CopyMain
		6AC97CF89410E6EBA53F52ED /* Extensions */ = {
			isa = PBXGroup;
			children = (
				6AC974BC8D700AAB6B531B67 /* EmailExtension.swift */,
 Registr
				6AC9725DE11A5E51FC080F0F /* PasswordExtension.swift */,
				6AC97C70A2A035E42D8A6F55 /* UIColor.swift */,

 CopyMain
			);
			path = Extensions;
			sourceTree = "<group>";
		};
 Registr
		6AC97D2856ACAF5C14548A60 /* GlobalConstants */ = {
			isa = PBXGroup;
			children = (
				6AC976FD34911FBA070234AF /* FirebaseRef.swift */,
			);
			path = GlobalConstants;
			sourceTree = "<group>";
		};
		6AC97D7D43F4D579F27DA423 /* Views */ = {
			isa = PBXGroup;
			children = (
				6AC9791A846EE65C04424F99 /* UserRegistrationPlayerView.swift */,
			);
			path = Views;
			sourceTree = "<group>";
		};
		6AC97DB8E2C8845F6C91B91B /* Helpers */ = {
			isa = PBXGroup;
			children = (
				6AC97C9F012C685ADEE94F0D /* Styles.swift */,
			);
			path = Helpers;
			sourceTree = "<group>";
		};
		6AC97E44A162D082C21D50E3 /* Views */ = {
			isa = PBXGroup;
			children = (
				6AC97F94FB4EE2E42B587628 /* AuthNewView.swift */,
			);
			path = Views;
			sourceTree = "<group>";
		};
		6AC97E46AFC6F3FD64EBAFC9 /* Views */ = {
			isa = PBXGroup;
			children = (
				6AC979A442FEE9214A769A82 /* PhoneNumberRegistrationView.swift */,
			);
			path = Views;
			sourceTree = "<group>";
		};

CopyMain
		6AC97E74D5F0F7CBC1F95D1F /* NumberRegistration */ = {
			isa = PBXGroup;
			children = (
				6AC973D08BF2E498B6DB1FF3 /* NumberRegistrationRouter.swift */,
				6AC9715996B2496E7BDFD310 /* NumberRegistrationPresenter.swift */,
				6AC970BBC746B3D216B60550 /* NumberRegistrationProtocols.swift */,
				6AC9718B2373F94018836B50 /* NumberRegistrationInteractor.swift */,
				6AC978FB9F853559B2952202 /* NumberRegistrationConfigurator.swift */,
				6AC97AFED1966B66FCC345E8 /* NumberRegistrationViewController.swift */,
			);
			path = NumberRegistration;
			sourceTree = "<group>";
		};
		B79ADC37DD382A392135B108 /* Pods */ = {
			isa = PBXGroup;
			children = (
				BAAF54D7FF0B6F3A13447F17 /* Pods-ChessAggregator.debug.xcconfig */,
				18B12E458DDE1504B14DC4CC /* Pods-ChessAggregator.release.xcconfig */,
			);
			path = Pods;
			sourceTree = "<group>";
		};
		D00E0B4F29C6829A60518CAA /* Frameworks */ = {
			isa = PBXGroup;
			children = (
				613E7483DAF7CFE6E33A5A2C /* Pods_ChessAggregator.framework */,
			);
			name = Frameworks;
			sourceTree = "<group>";
		};
		D91FC00A533AFE2332E6F2F3 /* Tournaments */ = {
			isa = PBXGroup;
			children = (
				D91FC3481B3065397D82FDC9 /* TournamentsViewController.swift */,
				D91FC07A2E45005A9BA44F2B /* TournamentsPresenter.swift */,
				D91FC9C7CEF3650ACB85764B /* TournamentsInteractor.swift */,
				D91FCD4055CA000E6E6C6712 /* TournamentsConfigurator.swift */,
				D91FC51B1E5FB9884E5AD8BF /* TournamentsProtocols.swift */,
				D91FC17A04A984B52D0C3789 /* TournamentsRouter.swift */,
				D91FCCD8A09DFC525120CF7C /* EventsSectionModel.swift */,
				D91FC26BBC605509524ACDA7 /* CellModels */,
			);
			path = Tournaments;
			sourceTree = "<group>";
		};
		D91FC0279180F3C0EFEA024F /* Auth */ = {
			isa = PBXGroup;
			children = (
				D91FCF2ED693A16B4D6E751E /* Auth_Configurator.swift */,
				D91FC393041099F03FCCDDD8 /* Auth_ViewController.swift */,
				D91FCFEAC6884947B89E77EC /* Auth_Interactor.swift */,
				D91FC89DDA5BA17C3BB660E0 /* Auth_Protocols.swift */,
				D91FCD8875F1287EBEF07F05 /* Auth_Router.swift */,
				D91FC8F7442D5B0BAC5C5414 /* Auth_Presenter.swift */,
			);
			path = Auth;
			sourceTree = "<group>";
		};
		D91FC26BBC605509524ACDA7 /* CellModels */ = {
			isa = PBXGroup;
			children = (
				D91FCD5EF9DD67B1CEDB5604 /* EventNameCellModel.swift */,
				D91FCB9486FBBB9354AEB641 /* EventLocationCellModel.swift */,
				D91FC780420CEE55025EAE21 /* EventRatingCellModel.swift */,
				D91FCD64F4C0E6811E698481 /* EventModeCellModel.swift */,
			);
			path = CellModels;
			sourceTree = "<group>";
		};
		D91FC4141781EB5CC1FB93EA /* Creation */ = {
			isa = PBXGroup;
			children = (
				D91FCDFDF1B93E996AA85F39 /* CreationPresenter.swift */,
				D91FCAF775FB4ECBCD904AB7 /* CreationViewController.swift */,
				D91FC1D1B5865D192DD81F29 /* CreationConfigurator.swift */,
				D91FCADAC2B98A264E1BACE8 /* CreationRouter.swift */,
				D91FC891B1F519BBFC96C662 /* CreationProtocols.swift */,
				D91FC5D05BF4FAF9E4D56643 /* CreationInteractor.swift */,
			);
			path = Creation;
			sourceTree = "<group>";
		};
		D91FC6A4DB8175C9ED293912 /* Entities */ = {
			isa = PBXGroup;
			children = (
				D91FC11574DF8A92DBC0617B /* Player.swift */,
				D91FC5DE303A4B78E2E40946 /* Tournament.swift */,
				D91FC2E367191FB43FA9AB37 /* User.swift */,
			);
			path = Entities;
			sourceTree = "<group>";
		};
		D91FC6AD2BBB9A246B8C066F /* Views */ = {
			isa = PBXGroup;
			children = (
				D91FC4072FECB2201DCAADA9 /* AuthView.swift */,
				D91FCEF3B255AD71D488BD6B /* UIView+Layout.swift */,
				D91FC1CB6EBFFFC7483EAC76 /* AutoLayoutView.swift */,
				6AC979F80F68467B6056BE62 /* ScrollableStackView.swift */,
				C31943B52568C2AC0051C8C0 /* ProfileRaw.swift */,
			);
			path = Views;
			sourceTree = "<group>";
		};
		D91FC81026FE34B1A8D8C19E /* Profile */ = {
			isa = PBXGroup;
			children = (
				D91FC0ACB3EC7D9920EC83C5 /* ProfileProtocols.swift */,
				D91FC78354BC30EAEA762C72 /* ProfileViewController.swift */,
				D91FC793D630DF2CE2056AFF /* ProfilePresenter.swift */,
				D91FCAAFA7498DE0DB8A27E4 /* ProfileConfigurator.swift */,
				D91FCD4FE88029808539A4B4 /* ProfileRouter.swift */,
				D91FC3EFF32514B2B2616970 /* ProfileInteractor.swift */,
			);
			path = Profile;
			sourceTree = "<group>";
		};
		D91FCB1E82EEDB873508A6D9 /* Current */ = {
			isa = PBXGroup;
			children = (
				D91FC0D61C3FC8908B4A5E18 /* CurrentProtocols.swift */,
				D91FC76E941C7405ABB51E87 /* CurrentViewController.swift */,
				D91FCB07D9849A89A3645C7B /* CurrentPresenter.swift */,
				D91FC6D760559FE6A779B990 /* CurrentInteractor.swift */,
				D91FC4451866279170AE3D36 /* CurrentRouter.swift */,
				D91FCD8A8494D611926CCE6F /* CurrentConfigurator.swift */,
			);
			path = Current;
			sourceTree = "<group>";
		};
		D91FCE32A316ECF050EA578D /* Services */ = {
			isa = PBXGroup;
			children = (
				D91FC559D928F99290FB9443 /* EventParser.swift */,
			);
			path = Services;
			sourceTree = "<group>";
		};
/* End PBXGroup section */

/* Begin PBXNativeTarget section */
		01FFDCA1253FA08B001244D1 /* ChessAggregator */ = {
			isa = PBXNativeTarget;
			buildConfigurationList = 01FFDCB6253FA091001244D1 /* Build configuration list for PBXNativeTarget "ChessAggregator" */;
			buildPhases = (
				E92B1A25107390A539A9F494 /* [CP] Check Pods Manifest.lock */,
				01FFDC9E253FA08B001244D1 /* Sources */,
				01FFDC9F253FA08B001244D1 /* Frameworks */,
				01FFDCA0253FA08B001244D1 /* Resources */,
				96FB2E4844DAE3C11285F269 /* [CP] Embed Pods Frameworks */,
			);
			buildRules = (
			);
			dependencies = (
			);
			name = ChessAggregator;
			packageProductDependencies = (
				730407F82550617C0036E7A6,
			);
			productName = ChessAggregator;
			productReference = 01FFDCA2253FA08B001244D1 /* ChessAggregator.app */;
			productType = "com.apple.product-type.application";
		};
/* End PBXNativeTarget section */

/* Begin PBXProject section */
		01FFDC9A253FA08B001244D1 /* Project object */ = {
			isa = PBXProject;
			attributes = {
				LastSwiftUpdateCheck = 1200;
				LastUpgradeCheck = 1200;
				TargetAttributes = {
					01FFDCA1253FA08B001244D1 = {
						CreatedOnToolsVersion = 12.0.1;
					};
				};
			};
			buildConfigurationList = 01FFDC9D253FA08B001244D1 /* Build configuration list for PBXProject "ChessAggregator" */;
			compatibilityVersion = "Xcode 9.3";
			developmentRegion = en;
			hasScannedForEncodings = 0;
			knownRegions = (
				en,
				Base,
			);
			mainGroup = 01FFDC99253FA08B001244D1;
			packageReferences = (
				730407F72550617C0036E7A6,
			);
			productRefGroup = 01FFDCA3253FA08B001244D1 /* Products */;
			projectDirPath = "";
			projectRoot = "";
			targets = (
				01FFDCA1253FA08B001244D1 /* ChessAggregator */,
			);
		};
/* End PBXProject section */

/* Begin PBXResourcesBuildPhase section */
		01FFDCA0253FA08B001244D1 /* Resources */ = {
			isa = PBXResourcesBuildPhase;
			buildActionMask = 2147483647;
			files = (
				01FFDCB2253FA091001244D1 /* LaunchScreen.storyboard in Resources */,
				01FFDCAF253FA091001244D1 /* Assets.xcassets in Resources */,
				01FFDCBB253FA140001244D1 /* GoogleService-Info.plist in Resources */,
			);
			runOnlyForDeploymentPostprocessing = 0;
		};
/* End PBXResourcesBuildPhase section */

/* Begin PBXShellScriptBuildPhase section */
		96FB2E4844DAE3C11285F269 /* [CP] Embed Pods Frameworks */ = {
			isa = PBXShellScriptBuildPhase;
			buildActionMask = 2147483647;
			files = (
			);
			inputFileListPaths = (
				"${PODS_ROOT}/Target Support Files/Pods-ChessAggregator/Pods-ChessAggregator-frameworks-${CONFIGURATION}-input-files.xcfilelist",
			);
			name = "[CP] Embed Pods Frameworks";
			outputFileListPaths = (
				"${PODS_ROOT}/Target Support Files/Pods-ChessAggregator/Pods-ChessAggregator-frameworks-${CONFIGURATION}-output-files.xcfilelist",
			);
			runOnlyForDeploymentPostprocessing = 0;
			shellPath = /bin/sh;
			shellScript = "\"${PODS_ROOT}/Target Support Files/Pods-ChessAggregator/Pods-ChessAggregator-frameworks.sh\"\n";
			showEnvVarsInLog = 0;
		};
		E92B1A25107390A539A9F494 /* [CP] Check Pods Manifest.lock */ = {
			isa = PBXShellScriptBuildPhase;
			buildActionMask = 2147483647;
			files = (
			);
			inputFileListPaths = (
			);
			inputPaths = (
				"${PODS_PODFILE_DIR_PATH}/Podfile.lock",
				"${PODS_ROOT}/Manifest.lock",
			);
			name = "[CP] Check Pods Manifest.lock";
			outputFileListPaths = (
			);
			outputPaths = (
				"$(DERIVED_FILE_DIR)/Pods-ChessAggregator-checkManifestLockResult.txt",
			);
			runOnlyForDeploymentPostprocessing = 0;
			shellPath = /bin/sh;
			shellScript = "diff \"${PODS_PODFILE_DIR_PATH}/Podfile.lock\" \"${PODS_ROOT}/Manifest.lock\" > /dev/null\nif [ $? != 0 ] ; then\n    # print error to STDERR\n    echo \"error: The sandbox is not in sync with the Podfile.lock. Run 'pod install' or update your CocoaPods installation.\" >&2\n    exit 1\nfi\n# This output is used by Xcode 'outputs' to avoid re-running this script phase.\necho \"SUCCESS\" > \"${SCRIPT_OUTPUT_FILE_0}\"\n";
			showEnvVarsInLog = 0;
		};
/* End PBXShellScriptBuildPhase section */

/* Begin PBXSourcesBuildPhase section */
		01FFDC9E253FA08B001244D1 /* Sources */ = {
			isa = PBXSourcesBuildPhase;
			buildActionMask = 2147483647;
			files = (
				730407F5255060D40036E7A6 /* HTTPMethods.swift in Sources */,
				01FFDCA6253FA08B001244D1 /* AppDelegate.swift in Sources */,
				D91FCD4F1919BFE22C09F19D /* TournamentsViewController.swift in Sources */,
				D91FCA163A6EA0488641F96A /* TournamentsPresenter.swift in Sources */,
				D91FC0F560E4FB2BBA875723 /* TournamentsInteractor.swift in Sources */,
				D91FCF95D84184E81F62000E /* TournamentsConfigurator.swift in Sources */,
				D91FCFF0127A4A4C4C1B9E8A /* TournamentsProtocols.swift in Sources */,
				D91FC158966282AE89726026 /* TournamentsRouter.swift in Sources */,
				D91FC26C613F6A01D1DC8398 /* Player.swift in Sources */,
				D91FC76493A71AA245E6D64C /* Tournament.swift in Sources */,
				D91FCD2DC0AB3033ED155DB0 /* AuthView.swift in Sources */,
				D91FC1BCA9CEF5F7417BA0B9 /* UIView+Layout.swift in Sources */,
				C31943B62568C2AC0051C8C0 /* ProfileRaw.swift in Sources */,
				D91FCCCB3DE4DB1A0C47A174 /* AutoLayoutView.swift in Sources */,
				D91FC6C2B563286040E2F265 /* Auth_Configurator.swift in Sources */,
				D91FCDF3F7B37283E6953867 /* Auth_ViewController.swift in Sources */,
				D91FC851EAEA6097C20CFE38 /* Auth_Interactor.swift in Sources */,
				D91FC8B87F13FBE9A04BAAD0 /* Auth_Protocols.swift in Sources */,
				D91FC3C58B6F310D29AD170C /* Auth_Router.swift in Sources */,
				D91FC65EAC7C99388C755352 /* Auth_Presenter.swift in Sources */,
				D91FC08C68BB89F0AB0CE09F /* EventsSectionModel.swift in Sources */,
				D91FC3EE1D2818C99A24B10A /* EventNameCellModel.swift in Sources */,
				D91FC91DFBDA32DFFF5A1AF7 /* EventLocationCellModel.swift in Sources */,
				D91FC7644A60EC1D77CF516D /* EventRatingCellModel.swift in Sources */,
				D91FC4539E7DD6D93144AF72 /* EventModeCellModel.swift in Sources */,
				D91FCA230504155423B9560F /* User.swift in Sources */,
				D91FC8EA0316C52FEA6FA95E /* TabBarContoller.swift in Sources */,
				D91FCACE18267CF3F9C58758 /* ProfileProtocols.swift in Sources */,
				D91FC9A166B8F0B79396601B /* ProfileViewController.swift in Sources */,
				D91FC10A105E8F0E4C3161A9 /* CurrentProtocols.swift in Sources */,
				D91FC4651A7A4E3AB7671594 /* CurrentViewController.swift in Sources */,
				D91FC5042F3E661C9F697241 /* CurrentPresenter.swift in Sources */,
				D91FC47433ECB2A20E20B1A0 /* CurrentInteractor.swift in Sources */,
				D91FCEA20B3CA99049C8CC95 /* CurrentRouter.swift in Sources */,
				D91FC580842490D71D586098 /* CurrentConfigurator.swift in Sources */,
				6AC975674568D9C0F1768DF9 /* RegistrationRouter.swift in Sources */,
				6AC97DA1CF1AFAAC526268FA /* RegistrationPresenter.swift in Sources */,
				6AC9715C76583C1BB9DDF949 /* RegistrationProtocols.swift in Sources */,
				6AC97EA1D604AA6B50F7068B /* RegistrationInteractor.swift in Sources */,
				6AC97428C86B6A233B761918 /* RegistrationConfigurator.swift in Sources */,
				6AC975E8FB4F0F595101C4A2 /* RegistrationViewController.swift in Sources */,
				6AC9744E601797464ECE743F /* NumberRegistrationRouter.swift in Sources */,
				6AC97ED8B8B4588E99F6F1D4 /* NumberRegistrationPresenter.swift in Sources */,
				6AC9743AA16F574C96937F4C /* NumberRegistrationProtocols.swift in Sources */,
				6AC976867001E25DC3E9D6ED /* NumberRegistrationInteractor.swift in Sources */,
				6AC9721558890A120707DCBE /* NumberRegistrationConfigurator.swift in Sources */,
				6AC975910B0B5BB816FFA7DE /* NumberRegistrationViewController.swift in Sources */,
				6AC97E8B693764A2E4ADDDD4 /* EmailExtension.swift in Sources */,
				6AC9716C4E780D25C86575EA /* ScrollableStackView.swift in Sources */,
 Registr
				6AC974DBDEE19C56EC671F51 /* UserRegistrationContainer.swift in Sources */,
				6AC970333282630AAF028FFB /* UserRegistrationInteractor.swift in Sources */,
				6AC973BE56C56D620227BF0B /* UserRegistrationProtocols.swift in Sources */,
				6AC97C3BAB64ADF9B302A904 /* UserRegistrationPresenter.swift in Sources */,
				6AC97048CF91C868205B6FE7 /* UserRegistrationRouter.swift in Sources */,
				6AC97B4021820CC7707CD19D /* UserRegistrationViewController.swift in Sources */,
				6AC97C0EFE48060F47FEB81A /* UserRegistrationPlayerView.swift in Sources */,
				6AC971AF913286716FF3BEFD /* AppCoordinator.swift in Sources */,
				6AC9739D8904CBD7664D3E3B /* AuthProtocols.swift in Sources */,
				6AC97CB47076DF198EDF70AE /* AuthViewController.swift in Sources */,
				6AC97455551260AB6321E6A4 /* AuthPresenter.swift in Sources */,
				6AC9751DEF4DAFF06D620568 /* AuthInteractor.swift in Sources */,
				6AC97DD0DB709798E096E796 /* AuthContainer.swift in Sources */,
				6AC972935C9E4CBE3FFF2B05 /* AuthRouter.swift in Sources */,
				6AC97AB3019955AB64CCD302 /* BaseRouter.swift in Sources */,
				6AC974F15BBEACA8C5C83476 /* AuthNewView.swift in Sources */,
				6AC97802452A8F8A4375B804 /* PhoneNumberRegistrationPresenter.swift in Sources */,
				6AC97382D07275AF0B76BE69 /* PhoneNumberRegistrationRouter.swift in Sources */,
				6AC97815032909668C26DACC /* PhoneNumberRegistrationViewController.swift in Sources */,
				6AC976C5CE19F0BD7DE38A7C /* PhoneNumberRegistrationProtocols.swift in Sources */,
				6AC97205ED8B81DC6959B5A3 /* PhoneNumberRegistrationInteractor.swift in Sources */,
				6AC9786A6563B1CCD29C7CDE /* PhoneNumberRegistrationContainer.swift in Sources */,
				6AC97C11BC4E6B1FA977BFB6 /* UserReg.swift in Sources */,
				6AC97A7F1E9C1F5D7BE81FEA /* PasswordExtension.swift in Sources */,
				6AC97A0C115FFA98AC8D5C4B /* FirebaseRef.swift in Sources */,
				6AC97557716897180F2EDEA8 /* PhoneNumberRegistrationView.swift in Sources */,
				6AC97C2733C73AF3E784A904 /* WarningLabel.swift in Sources */,
				6AC975BEF4A08CA9B48ABF76 /* CurrentTournamentsPresenter.swift in Sources */,
				6AC973839EF56970D437682F /* CurrentTournamentsRouter.swift in Sources */,
				6AC97C0B0BBF02A977E55A3D /* CurrentTournamentsViewController.swift in Sources */,
				6AC97BCF051F108FB5655C3F /* CurrentTournamentsProtocols.swift in Sources */,
				6AC97626AF96A99B430670D6 /* CurrentTournamentsInteractor.swift in Sources */,
				6AC9779D65C46CF886A86F92 /* CurrentTournamentsContainer.swift in Sources */,
				6AC97F3474E1187790EC0D95 /* SearchTournamentsPresenter.swift in Sources */,
				6AC979CAF6BD9CBF2EF92714 /* SearchTournamentsRouter.swift in Sources */,
				6AC97506A5AA095E4789662E /* SearchTournamentsViewController.swift in Sources */,
				6AC97D06E2B8C805B3BD91B6 /* SearchTournamentsProtocols.swift in Sources */,
				6AC97F9EF2C368E3597B040E /* SearchTournamentsInteractor.swift in Sources */,
				6AC97BE8FF07CD1A48736892 /* SearchTournamentsContainer.swift in Sources */,
				6AC975AE26E8151CBE5C0C0B /* UIColor.swift in Sources */,
				6AC974CBB9ACC5AFDA04DCEE /* Styles.swift in Sources */,

				D91FCBEBAF1FE1D414B5D835 /* EventParser.swift in Sources */,
				D91FC34DB38EDFA7295E5961 /* ProfilePresenter.swift in Sources */,
				D91FC1030DA889FC24ADCCEC /* ProfileConfigurator.swift in Sources */,
				D91FC5BB244232AF91C3EBA9 /* ProfileRouter.swift in Sources */,
				D91FCB9FA7B2370CF14AE2E2 /* ProfileInteractor.swift in Sources */,
				D91FC7046CE875BB2CDF11C4 /* CreationPresenter.swift in Sources */,
				D91FC5A5910A8FE627E9472C /* CreationViewController.swift in Sources */,
				D91FC2B3C2642426723A6C22 /* CreationConfigurator.swift in Sources */,
				D91FC2161F11FDF16C1D5195 /* CreationRouter.swift in Sources */,
				D91FCF722083880EA711F83A /* CreationProtocols.swift in Sources */,
				D91FC361ACCB16794B351318 /* CreationInteractor.swift in Sources */,
 CopyMain
			);
			runOnlyForDeploymentPostprocessing = 0;
		};
/* End PBXSourcesBuildPhase section */

/* Begin PBXVariantGroup section */
		01FFDCB0253FA091001244D1 /* LaunchScreen.storyboard */ = {
			isa = PBXVariantGroup;
			children = (
				01FFDCB1253FA091001244D1 /* Base */,
			);
			name = LaunchScreen.storyboard;
			sourceTree = "<group>";
		};
/* End PBXVariantGroup section */

/* Begin XCBuildConfiguration section */
		01FFDCB4253FA091001244D1 /* Debug */ = {
			isa = XCBuildConfiguration;
			buildSettings = {
				ALWAYS_SEARCH_USER_PATHS = NO;
				CLANG_ANALYZER_NONNULL = YES;
				CLANG_ANALYZER_NUMBER_OBJECT_CONVERSION = YES_AGGRESSIVE;
				CLANG_CXX_LANGUAGE_STANDARD = "gnu++14";
				CLANG_CXX_LIBRARY = "libc++";
				CLANG_ENABLE_MODULES = YES;
				CLANG_ENABLE_OBJC_ARC = YES;
				CLANG_ENABLE_OBJC_WEAK = YES;
				CLANG_WARN_BLOCK_CAPTURE_AUTORELEASING = YES;
				CLANG_WARN_BOOL_CONVERSION = YES;
				CLANG_WARN_COMMA = YES;
				CLANG_WARN_CONSTANT_CONVERSION = YES;
				CLANG_WARN_DEPRECATED_OBJC_IMPLEMENTATIONS = YES;
				CLANG_WARN_DIRECT_OBJC_ISA_USAGE = YES_ERROR;
				CLANG_WARN_DOCUMENTATION_COMMENTS = YES;
				CLANG_WARN_EMPTY_BODY = YES;
				CLANG_WARN_ENUM_CONVERSION = YES;
				CLANG_WARN_INFINITE_RECURSION = YES;
				CLANG_WARN_INT_CONVERSION = YES;
				CLANG_WARN_NON_LITERAL_NULL_CONVERSION = YES;
				CLANG_WARN_OBJC_IMPLICIT_RETAIN_SELF = YES;
				CLANG_WARN_OBJC_LITERAL_CONVERSION = YES;
				CLANG_WARN_OBJC_ROOT_CLASS = YES_ERROR;
				CLANG_WARN_QUOTED_INCLUDE_IN_FRAMEWORK_HEADER = YES;
				CLANG_WARN_RANGE_LOOP_ANALYSIS = YES;
				CLANG_WARN_STRICT_PROTOTYPES = YES;
				CLANG_WARN_SUSPICIOUS_MOVE = YES;
				CLANG_WARN_UNGUARDED_AVAILABILITY = YES_AGGRESSIVE;
				CLANG_WARN_UNREACHABLE_CODE = YES;
				CLANG_WARN__DUPLICATE_METHOD_MATCH = YES;
				COPY_PHASE_STRIP = NO;
				DEBUG_INFORMATION_FORMAT = dwarf;
				ENABLE_STRICT_OBJC_MSGSEND = YES;
				ENABLE_TESTABILITY = YES;
				GCC_C_LANGUAGE_STANDARD = gnu11;
				GCC_DYNAMIC_NO_PIC = NO;
				GCC_NO_COMMON_BLOCKS = YES;
				GCC_OPTIMIZATION_LEVEL = 0;
				GCC_PREPROCESSOR_DEFINITIONS = (
					"DEBUG=1",
					"$(inherited)",
				);
				GCC_WARN_64_TO_32_BIT_CONVERSION = YES;
				GCC_WARN_ABOUT_RETURN_TYPE = YES_ERROR;
				GCC_WARN_UNDECLARED_SELECTOR = YES;
				GCC_WARN_UNINITIALIZED_AUTOS = YES_AGGRESSIVE;
				GCC_WARN_UNUSED_FUNCTION = YES;
				GCC_WARN_UNUSED_VARIABLE = YES;
				IPHONEOS_DEPLOYMENT_TARGET = 14.0;
				MTL_ENABLE_DEBUG_INFO = INCLUDE_SOURCE;
				MTL_FAST_MATH = YES;
				ONLY_ACTIVE_ARCH = YES;
				SDKROOT = iphoneos;
				SWIFT_ACTIVE_COMPILATION_CONDITIONS = DEBUG;
				SWIFT_OPTIMIZATION_LEVEL = "-Onone";
			};
			name = Debug;
		};
		01FFDCB5253FA091001244D1 /* Release */ = {
			isa = XCBuildConfiguration;
			buildSettings = {
				ALWAYS_SEARCH_USER_PATHS = NO;
				CLANG_ANALYZER_NONNULL = YES;
				CLANG_ANALYZER_NUMBER_OBJECT_CONVERSION = YES_AGGRESSIVE;
				CLANG_CXX_LANGUAGE_STANDARD = "gnu++14";
				CLANG_CXX_LIBRARY = "libc++";
				CLANG_ENABLE_MODULES = YES;
				CLANG_ENABLE_OBJC_ARC = YES;
				CLANG_ENABLE_OBJC_WEAK = YES;
				CLANG_WARN_BLOCK_CAPTURE_AUTORELEASING = YES;
				CLANG_WARN_BOOL_CONVERSION = YES;
				CLANG_WARN_COMMA = YES;
				CLANG_WARN_CONSTANT_CONVERSION = YES;
				CLANG_WARN_DEPRECATED_OBJC_IMPLEMENTATIONS = YES;
				CLANG_WARN_DIRECT_OBJC_ISA_USAGE = YES_ERROR;
				CLANG_WARN_DOCUMENTATION_COMMENTS = YES;
				CLANG_WARN_EMPTY_BODY = YES;
				CLANG_WARN_ENUM_CONVERSION = YES;
				CLANG_WARN_INFINITE_RECURSION = YES;
				CLANG_WARN_INT_CONVERSION = YES;
				CLANG_WARN_NON_LITERAL_NULL_CONVERSION = YES;
				CLANG_WARN_OBJC_IMPLICIT_RETAIN_SELF = YES;
				CLANG_WARN_OBJC_LITERAL_CONVERSION = YES;
				CLANG_WARN_OBJC_ROOT_CLASS = YES_ERROR;
				CLANG_WARN_QUOTED_INCLUDE_IN_FRAMEWORK_HEADER = YES;
				CLANG_WARN_RANGE_LOOP_ANALYSIS = YES;
				CLANG_WARN_STRICT_PROTOTYPES = YES;
				CLANG_WARN_SUSPICIOUS_MOVE = YES;
				CLANG_WARN_UNGUARDED_AVAILABILITY = YES_AGGRESSIVE;
				CLANG_WARN_UNREACHABLE_CODE = YES;
				CLANG_WARN__DUPLICATE_METHOD_MATCH = YES;
				COPY_PHASE_STRIP = NO;
				DEBUG_INFORMATION_FORMAT = "dwarf-with-dsym";
				ENABLE_NS_ASSERTIONS = NO;
				ENABLE_STRICT_OBJC_MSGSEND = YES;
				GCC_C_LANGUAGE_STANDARD = gnu11;
				GCC_NO_COMMON_BLOCKS = YES;
				GCC_WARN_64_TO_32_BIT_CONVERSION = YES;
				GCC_WARN_ABOUT_RETURN_TYPE = YES_ERROR;
				GCC_WARN_UNDECLARED_SELECTOR = YES;
				GCC_WARN_UNINITIALIZED_AUTOS = YES_AGGRESSIVE;
				GCC_WARN_UNUSED_FUNCTION = YES;
				GCC_WARN_UNUSED_VARIABLE = YES;
				IPHONEOS_DEPLOYMENT_TARGET = 14.0;
				MTL_ENABLE_DEBUG_INFO = NO;
				MTL_FAST_MATH = YES;
				SDKROOT = iphoneos;
				SWIFT_COMPILATION_MODE = wholemodule;
				SWIFT_OPTIMIZATION_LEVEL = "-O";
				VALIDATE_PRODUCT = YES;
			};
			name = Release;
		};
		01FFDCB7253FA091001244D1 /* Debug */ = {
			isa = XCBuildConfiguration;
			baseConfigurationReference = BAAF54D7FF0B6F3A13447F17 /* Pods-ChessAggregator.debug.xcconfig */;
			buildSettings = {
				ASSETCATALOG_COMPILER_APPICON_NAME = AppIcon;
				ASSETCATALOG_COMPILER_GLOBAL_ACCENT_COLOR_NAME = AccentColor;
				CODE_SIGN_STYLE = Automatic;
				DEVELOPMENT_TEAM = 9P2Q9LCYN9;
				INFOPLIST_FILE = ChessAggregator/Info.plist;
				LD_RUNPATH_SEARCH_PATHS = (
					"$(inherited)",
					"@executable_path/Frameworks",
				);
				PRODUCT_BUNDLE_IDENTIFIER = nickpuchko.ChessAggregator;
				PRODUCT_NAME = "$(TARGET_NAME)";
				SWIFT_VERSION = 5.0;
				TARGETED_DEVICE_FAMILY = 1;
			};
			name = Debug;
		};
		01FFDCB8253FA091001244D1 /* Release */ = {
			isa = XCBuildConfiguration;
			baseConfigurationReference = 18B12E458DDE1504B14DC4CC /* Pods-ChessAggregator.release.xcconfig */;
			buildSettings = {
				ASSETCATALOG_COMPILER_APPICON_NAME = AppIcon;
				ASSETCATALOG_COMPILER_GLOBAL_ACCENT_COLOR_NAME = AccentColor;
				CODE_SIGN_STYLE = Automatic;
				DEVELOPMENT_TEAM = 9P2Q9LCYN9;
				INFOPLIST_FILE = ChessAggregator/Info.plist;
				LD_RUNPATH_SEARCH_PATHS = (
					"$(inherited)",
					"@executable_path/Frameworks",
				);
				PRODUCT_BUNDLE_IDENTIFIER = nickpuchko.ChessAggregator;
				PRODUCT_NAME = "$(TARGET_NAME)";
				SWIFT_VERSION = 5.0;
				TARGETED_DEVICE_FAMILY = 1;
			};
			name = Release;
		};
/* End XCBuildConfiguration section */

/* Begin XCConfigurationList section */
		01FFDC9D253FA08B001244D1 /* Build configuration list for PBXProject "ChessAggregator" */ = {
			isa = XCConfigurationList;
			buildConfigurations = (
				01FFDCB4253FA091001244D1 /* Debug */,
				01FFDCB5253FA091001244D1 /* Release */,
			);
			defaultConfigurationIsVisible = 0;
			defaultConfigurationName = Release;
		};
		01FFDCB6253FA091001244D1 /* Build configuration list for PBXNativeTarget "ChessAggregator" */ = {
			isa = XCConfigurationList;
			buildConfigurations = (
				01FFDCB7253FA091001244D1 /* Debug */,
				01FFDCB8253FA091001244D1 /* Release */,
			);
			defaultConfigurationIsVisible = 0;
			defaultConfigurationName = Release;
		};
/* End XCConfigurationList section */

/* Begin XCRemoteSwiftPackageReference section */
		730407F72550617C0036E7A6 = {
			isa = XCRemoteSwiftPackageReference;
			repositoryURL = "https://github.com/jrendel/SwiftKeychainWrapper.git";
			requirement = {
				kind = upToNextMajorVersion;
				minimumVersion = 4.0.1;
			};
		};
/* End XCRemoteSwiftPackageReference section */

/* Begin XCSwiftPackageProductDependency section */
		730407F82550617C0036E7A6 = {
			isa = XCSwiftPackageProductDependency;
			package = 730407F72550617C0036E7A6;
			productName = SwiftKeychainWrapper;
		};
/* End XCSwiftPackageProductDependency section */
	};
	rootObject = 01FFDC9A253FA08B001244D1 /* Project object */;
}
