// !$*UTF8*$!
{
	archiveVersion = 1;
	classes = {
	};
	objectVersion = 52;
	objects = {

/* Begin PBXBuildFile section */
		01FFDCA6253FA08B001244D1 /* AppDelegate.swift in Sources */ = {isa = PBXBuildFile; fileRef = 01FFDCA5253FA08B001244D1 /* AppDelegate.swift */; };
		01FFDCAF253FA091001244D1 /* Assets.xcassets in Resources */ = {isa = PBXBuildFile; fileRef = 01FFDCAE253FA091001244D1 /* Assets.xcassets */; };
		01FFDCB2253FA091001244D1 /* LaunchScreen.storyboard in Resources */ = {isa = PBXBuildFile; fileRef = 01FFDCB0253FA091001244D1 /* LaunchScreen.storyboard */; };
		01FFDCBB253FA140001244D1 /* GoogleService-Info.plist in Resources */ = {isa = PBXBuildFile; fileRef = 01FFDCBA253FA140001244D1 /* GoogleService-Info.plist */; };
		730407F5255060D40036E7A6 /* HTTPMethods.swift in Sources */ = {isa = PBXBuildFile; fileRef = 730407F4255060D40036E7A6 /* HTTPMethods.swift */; };
		C4FF388FB9FAF949E2700B80 /* Pods_ChessAggregator.framework in Frameworks */ = {isa = PBXBuildFile; fileRef = 613E7483DAF7CFE6E33A5A2C /* Pods_ChessAggregator.framework */; };
		D91FC08C68BB89F0AB0CE09F /* EventsSectionModel.swift in Sources */ = {isa = PBXBuildFile; fileRef = D91FCCD8A09DFC525120CF7C /* EventsSectionModel.swift */; };
		D91FC0F560E4FB2BBA875723 /* TournamentsInteractor.swift in Sources */ = {isa = PBXBuildFile; fileRef = D91FC9C7CEF3650ACB85764B /* TournamentsInteractor.swift */; };
		D91FC10A105E8F0E4C3161A9 /* CurrentProtocols.swift in Sources */ = {isa = PBXBuildFile; fileRef = D91FC0D61C3FC8908B4A5E18 /* CurrentProtocols.swift */; };
		D91FC158966282AE89726026 /* TournamentsRouter.swift in Sources */ = {isa = PBXBuildFile; fileRef = D91FC17A04A984B52D0C3789 /* TournamentsRouter.swift */; };
		D91FC1BCA9CEF5F7417BA0B9 /* UIView+Layout.swift in Sources */ = {isa = PBXBuildFile; fileRef = D91FCEF3B255AD71D488BD6B /* UIView+Layout.swift */; };
		D91FC26C613F6A01D1DC8398 /* Player.swift in Sources */ = {isa = PBXBuildFile; fileRef = D91FC11574DF8A92DBC0617B /* Player.swift */; };
		D91FC3C58B6F310D29AD170C /* Auth_Router.swift in Sources */ = {isa = PBXBuildFile; fileRef = D91FCD8875F1287EBEF07F05 /* Auth_Router.swift */; };
		D91FC3EE1D2818C99A24B10A /* EventNameCellModel.swift in Sources */ = {isa = PBXBuildFile; fileRef = D91FCD5EF9DD67B1CEDB5604 /* EventNameCellModel.swift */; };
		D91FC4539E7DD6D93144AF72 /* EventModeCellModel.swift in Sources */ = {isa = PBXBuildFile; fileRef = D91FCD64F4C0E6811E698481 /* EventModeCellModel.swift */; };
		D91FC4651A7A4E3AB7671594 /* CurrentViewController.swift in Sources */ = {isa = PBXBuildFile; fileRef = D91FC76E941C7405ABB51E87 /* CurrentViewController.swift */; };
		D91FC47433ECB2A20E20B1A0 /* CurrentInteractor.swift in Sources */ = {isa = PBXBuildFile; fileRef = D91FC6D760559FE6A779B990 /* CurrentInteractor.swift */; };
		D91FC5042F3E661C9F697241 /* CurrentPresenter.swift in Sources */ = {isa = PBXBuildFile; fileRef = D91FCB07D9849A89A3645C7B /* CurrentPresenter.swift */; };
		D91FC535CC6997489B9366B4 /* EventCell.swift in Sources */ = {isa = PBXBuildFile; fileRef = D91FCB5A2B356E372C0289B8 /* EventCell.swift */; };
		D91FC580842490D71D586098 /* CurrentConfigurator.swift in Sources */ = {isa = PBXBuildFile; fileRef = D91FCD8A8494D611926CCE6F /* CurrentConfigurator.swift */; };
		D91FC65EAC7C99388C755352 /* Auth_Presenter.swift in Sources */ = {isa = PBXBuildFile; fileRef = D91FC8F7442D5B0BAC5C5414 /* Auth_Presenter.swift */; };
		D91FC66E9A098B42CDB4E83F /* CurrentView.swift in Sources */ = {isa = PBXBuildFile; fileRef = D91FC876261B8B5CA2E45482 /* CurrentView.swift */; };
		D91FC6C2B563286040E2F265 /* Auth_Configurator.swift in Sources */ = {isa = PBXBuildFile; fileRef = D91FCF2ED693A16B4D6E751E /* Auth_Configurator.swift */; };
		D91FC7644A60EC1D77CF516D /* EventRatingCellModel.swift in Sources */ = {isa = PBXBuildFile; fileRef = D91FC780420CEE55025EAE21 /* EventRatingCellModel.swift */; };
		D91FC76493A71AA245E6D64C /* Tournament.swift in Sources */ = {isa = PBXBuildFile; fileRef = D91FC5DE303A4B78E2E40946 /* Tournament.swift */; };
		D91FC851EAEA6097C20CFE38 /* Auth_Interactor.swift in Sources */ = {isa = PBXBuildFile; fileRef = D91FCFEAC6884947B89E77EC /* Auth_Interactor.swift */; };
		D91FC8B87F13FBE9A04BAAD0 /* Auth_Protocols.swift in Sources */ = {isa = PBXBuildFile; fileRef = D91FC89DDA5BA17C3BB660E0 /* Auth_Protocols.swift */; };
		D91FC8EA0316C52FEA6FA95E /* TabBarContoller.swift in Sources */ = {isa = PBXBuildFile; fileRef = D91FC5FE4D293882D75E5ECB /* TabBarContoller.swift */; };
		D91FC91DFBDA32DFFF5A1AF7 /* EventLocationCellModel.swift in Sources */ = {isa = PBXBuildFile; fileRef = D91FCB9486FBBB9354AEB641 /* EventLocationCellModel.swift */; };
		D91FC9A166B8F0B79396601B /* ProfileViewController.swift in Sources */ = {isa = PBXBuildFile; fileRef = D91FC78354BC30EAEA762C72 /* ProfileViewController.swift */; };
		D91FCA163A6EA0488641F96A /* TournamentsPresenter.swift in Sources */ = {isa = PBXBuildFile; fileRef = D91FC07A2E45005A9BA44F2B /* TournamentsPresenter.swift */; };
		D91FCA230504155423B9560F /* User.swift in Sources */ = {isa = PBXBuildFile; fileRef = D91FC2E367191FB43FA9AB37 /* User.swift */; };
		D91FCACE18267CF3F9C58758 /* ProfileProtocols.swift in Sources */ = {isa = PBXBuildFile; fileRef = D91FC0ACB3EC7D9920EC83C5 /* ProfileProtocols.swift */; };
		D91FCCCB3DE4DB1A0C47A174 /* AutoLayoutView.swift in Sources */ = {isa = PBXBuildFile; fileRef = D91FC1CB6EBFFFC7483EAC76 /* AutoLayoutView.swift */; };
		D91FCD2DC0AB3033ED155DB0 /* AuthView.swift in Sources */ = {isa = PBXBuildFile; fileRef = D91FC4072FECB2201DCAADA9 /* AuthView.swift */; };
		D91FCD4F1919BFE22C09F19D /* TournamentsViewController.swift in Sources */ = {isa = PBXBuildFile; fileRef = D91FC3481B3065397D82FDC9 /* TournamentsViewController.swift */; };
		D91FCDF3F7B37283E6953867 /* Auth_ViewController.swift in Sources */ = {isa = PBXBuildFile; fileRef = D91FC393041099F03FCCDDD8 /* Auth_ViewController.swift */; };
		D91FCEA20B3CA99049C8CC95 /* CurrentRouter.swift in Sources */ = {isa = PBXBuildFile; fileRef = D91FC4451866279170AE3D36 /* CurrentRouter.swift */; };
		D91FCF95D84184E81F62000E /* TournamentsConfigurator.swift in Sources */ = {isa = PBXBuildFile; fileRef = D91FCD4055CA000E6E6C6712 /* TournamentsConfigurator.swift */; };
		D91FCFF0127A4A4C4C1B9E8A /* TournamentsProtocols.swift in Sources */ = {isa = PBXBuildFile; fileRef = D91FC51B1E5FB9884E5AD8BF /* TournamentsProtocols.swift */; };
/* End PBXBuildFile section */

/* Begin PBXFileReference section */
		01FFDCA2253FA08B001244D1 /* ChessAggregator.app */ = {isa = PBXFileReference; explicitFileType = wrapper.application; includeInIndex = 0; path = ChessAggregator.app; sourceTree = BUILT_PRODUCTS_DIR; };
		01FFDCA5253FA08B001244D1 /* AppDelegate.swift */ = {isa = PBXFileReference; lastKnownFileType = sourcecode.swift; path = AppDelegate.swift; sourceTree = "<group>"; };
		01FFDCAE253FA091001244D1 /* Assets.xcassets */ = {isa = PBXFileReference; lastKnownFileType = folder.assetcatalog; path = Assets.xcassets; sourceTree = "<group>"; };
		01FFDCB1253FA091001244D1 /* Base */ = {isa = PBXFileReference; lastKnownFileType = file.storyboard; name = Base; path = Base.lproj/LaunchScreen.storyboard; sourceTree = "<group>"; };
		01FFDCB3253FA091001244D1 /* Info.plist */ = {isa = PBXFileReference; lastKnownFileType = text.plist.xml; path = Info.plist; sourceTree = "<group>"; };
		01FFDCBA253FA140001244D1 /* GoogleService-Info.plist */ = {isa = PBXFileReference; fileEncoding = 4; lastKnownFileType = text.plist.xml; path = "GoogleService-Info.plist"; sourceTree = "<group>"; };
		18B12E458DDE1504B14DC4CC /* Pods-ChessAggregator.release.xcconfig */ = {isa = PBXFileReference; includeInIndex = 1; lastKnownFileType = text.xcconfig; name = "Pods-ChessAggregator.release.xcconfig"; path = "Target Support Files/Pods-ChessAggregator/Pods-ChessAggregator.release.xcconfig"; sourceTree = "<group>"; };
		613E7483DAF7CFE6E33A5A2C /* Pods_ChessAggregator.framework */ = {isa = PBXFileReference; explicitFileType = wrapper.framework; includeInIndex = 0; path = Pods_ChessAggregator.framework; sourceTree = BUILT_PRODUCTS_DIR; };
		730407F4255060D40036E7A6 /* HTTPMethods.swift */ = {isa = PBXFileReference; lastKnownFileType = sourcecode.swift; path = HTTPMethods.swift; sourceTree = "<group>"; };
		BAAF54D7FF0B6F3A13447F17 /* Pods-ChessAggregator.debug.xcconfig */ = {isa = PBXFileReference; includeInIndex = 1; lastKnownFileType = text.xcconfig; name = "Pods-ChessAggregator.debug.xcconfig"; path = "Target Support Files/Pods-ChessAggregator/Pods-ChessAggregator.debug.xcconfig"; sourceTree = "<group>"; };
		D91FC07A2E45005A9BA44F2B /* TournamentsPresenter.swift */ = {isa = PBXFileReference; fileEncoding = 4; lastKnownFileType = sourcecode.swift; path = TournamentsPresenter.swift; sourceTree = "<group>"; };
		D91FC0ACB3EC7D9920EC83C5 /* ProfileProtocols.swift */ = {isa = PBXFileReference; fileEncoding = 4; lastKnownFileType = sourcecode.swift; path = ProfileProtocols.swift; sourceTree = "<group>"; };
		D91FC0D61C3FC8908B4A5E18 /* CurrentProtocols.swift */ = {isa = PBXFileReference; fileEncoding = 4; lastKnownFileType = sourcecode.swift; path = CurrentProtocols.swift; sourceTree = "<group>"; };
		D91FC11574DF8A92DBC0617B /* Player.swift */ = {isa = PBXFileReference; fileEncoding = 4; lastKnownFileType = sourcecode.swift; path = Player.swift; sourceTree = "<group>"; };
		D91FC17A04A984B52D0C3789 /* TournamentsRouter.swift */ = {isa = PBXFileReference; fileEncoding = 4; lastKnownFileType = sourcecode.swift; path = TournamentsRouter.swift; sourceTree = "<group>"; };
		D91FC1CB6EBFFFC7483EAC76 /* AutoLayoutView.swift */ = {isa = PBXFileReference; fileEncoding = 4; lastKnownFileType = sourcecode.swift; path = AutoLayoutView.swift; sourceTree = "<group>"; };
		D91FC2E367191FB43FA9AB37 /* User.swift */ = {isa = PBXFileReference; fileEncoding = 4; lastKnownFileType = sourcecode.swift; path = User.swift; sourceTree = "<group>"; };
		D91FC3481B3065397D82FDC9 /* TournamentsViewController.swift */ = {isa = PBXFileReference; fileEncoding = 4; lastKnownFileType = sourcecode.swift; path = TournamentsViewController.swift; sourceTree = "<group>"; };
		D91FC393041099F03FCCDDD8 /* Auth_ViewController.swift */ = {isa = PBXFileReference; fileEncoding = 4; lastKnownFileType = sourcecode.swift; path = Auth_ViewController.swift; sourceTree = "<group>"; };
		D91FC4072FECB2201DCAADA9 /* AuthView.swift */ = {isa = PBXFileReference; fileEncoding = 4; lastKnownFileType = sourcecode.swift; path = AuthView.swift; sourceTree = "<group>"; };
		D91FC4451866279170AE3D36 /* CurrentRouter.swift */ = {isa = PBXFileReference; fileEncoding = 4; lastKnownFileType = sourcecode.swift; path = CurrentRouter.swift; sourceTree = "<group>"; };
		D91FC51B1E5FB9884E5AD8BF /* TournamentsProtocols.swift */ = {isa = PBXFileReference; fileEncoding = 4; lastKnownFileType = sourcecode.swift; path = TournamentsProtocols.swift; sourceTree = "<group>"; };
		D91FC5DE303A4B78E2E40946 /* Tournament.swift */ = {isa = PBXFileReference; fileEncoding = 4; lastKnownFileType = sourcecode.swift; path = Tournament.swift; sourceTree = "<group>"; };
		D91FC5FE4D293882D75E5ECB /* TabBarContoller.swift */ = {isa = PBXFileReference; fileEncoding = 4; lastKnownFileType = sourcecode.swift; path = TabBarContoller.swift; sourceTree = "<group>"; };
		D91FC6D760559FE6A779B990 /* CurrentInteractor.swift */ = {isa = PBXFileReference; fileEncoding = 4; lastKnownFileType = sourcecode.swift; path = CurrentInteractor.swift; sourceTree = "<group>"; };
		D91FC76E941C7405ABB51E87 /* CurrentViewController.swift */ = {isa = PBXFileReference; fileEncoding = 4; lastKnownFileType = sourcecode.swift; path = CurrentViewController.swift; sourceTree = "<group>"; };
		D91FC780420CEE55025EAE21 /* EventRatingCellModel.swift */ = {isa = PBXFileReference; fileEncoding = 4; lastKnownFileType = sourcecode.swift; path = EventRatingCellModel.swift; sourceTree = "<group>"; };
		D91FC78354BC30EAEA762C72 /* ProfileViewController.swift */ = {isa = PBXFileReference; fileEncoding = 4; lastKnownFileType = sourcecode.swift; path = ProfileViewController.swift; sourceTree = "<group>"; };
		D91FC876261B8B5CA2E45482 /* CurrentView.swift */ = {isa = PBXFileReference; fileEncoding = 4; lastKnownFileType = sourcecode.swift; path = CurrentView.swift; sourceTree = "<group>"; };
		D91FC89DDA5BA17C3BB660E0 /* Auth_Protocols.swift */ = {isa = PBXFileReference; fileEncoding = 4; lastKnownFileType = sourcecode.swift; path = Auth_Protocols.swift; sourceTree = "<group>"; };
		D91FC8F7442D5B0BAC5C5414 /* Auth_Presenter.swift */ = {isa = PBXFileReference; fileEncoding = 4; lastKnownFileType = sourcecode.swift; path = Auth_Presenter.swift; sourceTree = "<group>"; };
		D91FC9C7CEF3650ACB85764B /* TournamentsInteractor.swift */ = {isa = PBXFileReference; fileEncoding = 4; lastKnownFileType = sourcecode.swift; path = TournamentsInteractor.swift; sourceTree = "<group>"; };
		D91FCB07D9849A89A3645C7B /* CurrentPresenter.swift */ = {isa = PBXFileReference; fileEncoding = 4; lastKnownFileType = sourcecode.swift; path = CurrentPresenter.swift; sourceTree = "<group>"; };
		D91FCB5A2B356E372C0289B8 /* EventCell.swift */ = {isa = PBXFileReference; fileEncoding = 4; lastKnownFileType = sourcecode.swift; path = EventCell.swift; sourceTree = "<group>"; };
		D91FCB9486FBBB9354AEB641 /* EventLocationCellModel.swift */ = {isa = PBXFileReference; fileEncoding = 4; lastKnownFileType = sourcecode.swift; path = EventLocationCellModel.swift; sourceTree = "<group>"; };
		D91FCCD8A09DFC525120CF7C /* EventsSectionModel.swift */ = {isa = PBXFileReference; fileEncoding = 4; lastKnownFileType = sourcecode.swift; path = EventsSectionModel.swift; sourceTree = "<group>"; };
		D91FCD4055CA000E6E6C6712 /* TournamentsConfigurator.swift */ = {isa = PBXFileReference; fileEncoding = 4; lastKnownFileType = sourcecode.swift; path = TournamentsConfigurator.swift; sourceTree = "<group>"; };
		D91FCD5EF9DD67B1CEDB5604 /* EventNameCellModel.swift */ = {isa = PBXFileReference; fileEncoding = 4; lastKnownFileType = sourcecode.swift; path = EventNameCellModel.swift; sourceTree = "<group>"; };
		D91FCD64F4C0E6811E698481 /* EventModeCellModel.swift */ = {isa = PBXFileReference; fileEncoding = 4; lastKnownFileType = sourcecode.swift; path = EventModeCellModel.swift; sourceTree = "<group>"; };
		D91FCD8875F1287EBEF07F05 /* Auth_Router.swift */ = {isa = PBXFileReference; fileEncoding = 4; lastKnownFileType = sourcecode.swift; path = Auth_Router.swift; sourceTree = "<group>"; };
		D91FCD8A8494D611926CCE6F /* CurrentConfigurator.swift */ = {isa = PBXFileReference; fileEncoding = 4; lastKnownFileType = sourcecode.swift; path = CurrentConfigurator.swift; sourceTree = "<group>"; };
		D91FCEF3B255AD71D488BD6B /* UIView+Layout.swift */ = {isa = PBXFileReference; fileEncoding = 4; lastKnownFileType = sourcecode.swift; path = "UIView+Layout.swift"; sourceTree = "<group>"; };
		D91FCF2ED693A16B4D6E751E /* Auth_Configurator.swift */ = {isa = PBXFileReference; fileEncoding = 4; lastKnownFileType = sourcecode.swift; path = Auth_Configurator.swift; sourceTree = "<group>"; };
		D91FCFEAC6884947B89E77EC /* Auth_Interactor.swift */ = {isa = PBXFileReference; fileEncoding = 4; lastKnownFileType = sourcecode.swift; path = Auth_Interactor.swift; sourceTree = "<group>"; };
/* End PBXFileReference section */

/* Begin PBXFrameworksBuildPhase section */
		01FFDC9F253FA08B001244D1 /* Frameworks */ = {
			isa = PBXFrameworksBuildPhase;
			buildActionMask = 2147483647;
			files = (
				C4FF388FB9FAF949E2700B80 /* Pods_ChessAggregator.framework in Frameworks */,
			);
			runOnlyForDeploymentPostprocessing = 0;
		};
/* End PBXFrameworksBuildPhase section */

/* Begin PBXGroup section */
		01FFDC99253FA08B001244D1 = {
			isa = PBXGroup;
			children = (
				B79ADC37DD382A392135B108 /* Pods */,
				01FFDCA4253FA08B001244D1 /* ChessAggregator */,
				D00E0B4F29C6829A60518CAA /* Frameworks */,
			);
			sourceTree = "<group>";
		};
		01FFDCA3253FA08B001244D1 /* Products */ = {
			isa = PBXGroup;
			children = (
				01FFDCA2253FA08B001244D1 /* ChessAggregator.app */,
			);
			name = Products;
			path = ..;
			sourceTree = "<group>";
		};
		01FFDCA4253FA08B001244D1 /* ChessAggregator */ = {
			isa = PBXGroup;
			children = (
				01FFDCA5253FA08B001244D1 /* AppDelegate.swift */,
				730407F4255060D40036E7A6 /* HTTPMethods.swift */,
				01FFDCAE253FA091001244D1 /* Assets.xcassets */,
				01FFDCB3253FA091001244D1 /* Info.plist */,
				01FFDCBA253FA140001244D1 /* GoogleService-Info.plist */,
				01FFDCB0253FA091001244D1 /* LaunchScreen.storyboard */,
				01FFDCA3253FA08B001244D1 /* Products */,
				D91FC00A533AFE2332E6F2F3 /* Tournaments */,
				D91FC0279180F3C0EFEA024F /* Auth */,
				D91FC6A4DB8175C9ED293912 /* Entities */,
				D91FC6AD2BBB9A246B8C066F /* Views */,
				D91FC5FE4D293882D75E5ECB /* TabBarContoller.swift */,
				D91FC81026FE34B1A8D8C19E /* Profile */,
				D91FCB1E82EEDB873508A6D9 /* Current */,
			);
			path = ChessAggregator;
			sourceTree = "<group>";
		};
		B79ADC37DD382A392135B108 /* Pods */ = {
			isa = PBXGroup;
			children = (
				BAAF54D7FF0B6F3A13447F17 /* Pods-ChessAggregator.debug.xcconfig */,
				18B12E458DDE1504B14DC4CC /* Pods-ChessAggregator.release.xcconfig */,
			);
			path = Pods;
			sourceTree = "<group>";
		};
		D00E0B4F29C6829A60518CAA /* Frameworks */ = {
			isa = PBXGroup;
			children = (
				613E7483DAF7CFE6E33A5A2C /* Pods_ChessAggregator.framework */,
			);
			name = Frameworks;
			sourceTree = "<group>";
		};
		D91FC00A533AFE2332E6F2F3 /* Tournaments */ = {
			isa = PBXGroup;
			children = (
				D91FC3481B3065397D82FDC9 /* TournamentsViewController.swift */,
				D91FC07A2E45005A9BA44F2B /* TournamentsPresenter.swift */,
				D91FC9C7CEF3650ACB85764B /* TournamentsInteractor.swift */,
				D91FCD4055CA000E6E6C6712 /* TournamentsConfigurator.swift */,
				D91FC51B1E5FB9884E5AD8BF /* TournamentsProtocols.swift */,
				D91FC17A04A984B52D0C3789 /* TournamentsRouter.swift */,
				D91FCCD8A09DFC525120CF7C /* EventsSectionModel.swift */,
				D91FC26BBC605509524ACDA7 /* CellModels */,
			);
			path = Tournaments;
			sourceTree = "<group>";
		};
		D91FC0279180F3C0EFEA024F /* Auth */ = {
			isa = PBXGroup;
			children = (
				D91FCF2ED693A16B4D6E751E /* Auth_Configurator.swift */,
				D91FC393041099F03FCCDDD8 /* Auth_ViewController.swift */,
				D91FCFEAC6884947B89E77EC /* Auth_Interactor.swift */,
				D91FC89DDA5BA17C3BB660E0 /* Auth_Protocols.swift */,
				D91FCD8875F1287EBEF07F05 /* Auth_Router.swift */,
				D91FC8F7442D5B0BAC5C5414 /* Auth_Presenter.swift */,
			);
			path = Auth;
			sourceTree = "<group>";
		};
		D91FC26BBC605509524ACDA7 /* CellModels */ = {
			isa = PBXGroup;
			children = (
				D91FCD5EF9DD67B1CEDB5604 /* EventNameCellModel.swift */,
				D91FCB9486FBBB9354AEB641 /* EventLocationCellModel.swift */,
				D91FC780420CEE55025EAE21 /* EventRatingCellModel.swift */,
				D91FCD64F4C0E6811E698481 /* EventModeCellModel.swift */,
			);
			path = CellModels;
			sourceTree = "<group>";
		};
		D91FC6A4DB8175C9ED293912 /* Entities */ = {
			isa = PBXGroup;
			children = (
				D91FC11574DF8A92DBC0617B /* Player.swift */,
				D91FC5DE303A4B78E2E40946 /* Tournament.swift */,
				D91FCB5A2B356E372C0289B8 /* EventCell.swift */,
				D91FC2E367191FB43FA9AB37 /* User.swift */,
			);
			path = Entities;
			sourceTree = "<group>";
		};
		D91FC6AD2BBB9A246B8C066F /* Views */ = {
			isa = PBXGroup;
			children = (
				D91FC4072FECB2201DCAADA9 /* AuthView.swift */,
				D91FCEF3B255AD71D488BD6B /* UIView+Layout.swift */,
				D91FC1CB6EBFFFC7483EAC76 /* AutoLayoutView.swift */,
				D91FC876261B8B5CA2E45482 /* CurrentView.swift */,
			);
			path = Views;
			sourceTree = "<group>";
		};
		D91FC81026FE34B1A8D8C19E /* Profile */ = {
			isa = PBXGroup;
			children = (
				D91FC0ACB3EC7D9920EC83C5 /* ProfileProtocols.swift */,
				D91FC78354BC30EAEA762C72 /* ProfileViewController.swift */,
			);
			path = Profile;
			sourceTree = "<group>";
		};
		D91FCB1E82EEDB873508A6D9 /* Current */ = {
			isa = PBXGroup;
			children = (
				D91FC0D61C3FC8908B4A5E18 /* CurrentProtocols.swift */,
				D91FC76E941C7405ABB51E87 /* CurrentViewController.swift */,
				D91FCB07D9849A89A3645C7B /* CurrentPresenter.swift */,
				D91FC6D760559FE6A779B990 /* CurrentInteractor.swift */,
				D91FC4451866279170AE3D36 /* CurrentRouter.swift */,
				D91FCD8A8494D611926CCE6F /* CurrentConfigurator.swift */,
			);
			path = Current;
			sourceTree = "<group>";
		};
/* End PBXGroup section */

/* Begin PBXNativeTarget section */
		01FFDCA1253FA08B001244D1 /* ChessAggregator */ = {
			isa = PBXNativeTarget;
			buildConfigurationList = 01FFDCB6253FA091001244D1 /* Build configuration list for PBXNativeTarget "ChessAggregator" */;
			buildPhases = (
				E92B1A25107390A539A9F494 /* [CP] Check Pods Manifest.lock */,
				01FFDC9E253FA08B001244D1 /* Sources */,
				01FFDC9F253FA08B001244D1 /* Frameworks */,
				01FFDCA0253FA08B001244D1 /* Resources */,
				96FB2E4844DAE3C11285F269 /* [CP] Embed Pods Frameworks */,
			);
			buildRules = (
			);
			dependencies = (
			);
			name = ChessAggregator;
			packageProductDependencies = (
				730407F82550617C0036E7A6,
			);
			productName = ChessAggregator;
			productReference = 01FFDCA2253FA08B001244D1 /* ChessAggregator.app */;
			productType = "com.apple.product-type.application";
		};
/* End PBXNativeTarget section */

/* Begin PBXProject section */
		01FFDC9A253FA08B001244D1 /* Project object */ = {
			isa = PBXProject;
			attributes = {
				LastSwiftUpdateCheck = 1200;
				LastUpgradeCheck = 1200;
				TargetAttributes = {
					01FFDCA1253FA08B001244D1 = {
						CreatedOnToolsVersion = 12.0.1;
					};
				};
			};
			buildConfigurationList = 01FFDC9D253FA08B001244D1 /* Build configuration list for PBXProject "ChessAggregator" */;
			compatibilityVersion = "Xcode 9.3";
			developmentRegion = en;
			hasScannedForEncodings = 0;
			knownRegions = (
				en,
				Base,
			);
			mainGroup = 01FFDC99253FA08B001244D1;
			packageReferences = (
				730407F72550617C0036E7A6,
			);
			productRefGroup = 01FFDCA3253FA08B001244D1 /* Products */;
			projectDirPath = "";
			projectRoot = "";
			targets = (
				01FFDCA1253FA08B001244D1 /* ChessAggregator */,
			);
		};
/* End PBXProject section */

/* Begin PBXResourcesBuildPhase section */
		01FFDCA0253FA08B001244D1 /* Resources */ = {
			isa = PBXResourcesBuildPhase;
			buildActionMask = 2147483647;
			files = (
				01FFDCB2253FA091001244D1 /* LaunchScreen.storyboard in Resources */,
				01FFDCAF253FA091001244D1 /* Assets.xcassets in Resources */,
				01FFDCBB253FA140001244D1 /* GoogleService-Info.plist in Resources */,
			);
			runOnlyForDeploymentPostprocessing = 0;
		};
/* End PBXResourcesBuildPhase section */

/* Begin PBXShellScriptBuildPhase section */
		96FB2E4844DAE3C11285F269 /* [CP] Embed Pods Frameworks */ = {
			isa = PBXShellScriptBuildPhase;
			buildActionMask = 2147483647;
			files = (
			);
			inputFileListPaths = (
				"${PODS_ROOT}/Target Support Files/Pods-ChessAggregator/Pods-ChessAggregator-frameworks-${CONFIGURATION}-input-files.xcfilelist",
			);
			name = "[CP] Embed Pods Frameworks";
			outputFileListPaths = (
				"${PODS_ROOT}/Target Support Files/Pods-ChessAggregator/Pods-ChessAggregator-frameworks-${CONFIGURATION}-output-files.xcfilelist",
			);
			runOnlyForDeploymentPostprocessing = 0;
			shellPath = /bin/sh;
			shellScript = "\"${PODS_ROOT}/Target Support Files/Pods-ChessAggregator/Pods-ChessAggregator-frameworks.sh\"\n";
			showEnvVarsInLog = 0;
		};
		E92B1A25107390A539A9F494 /* [CP] Check Pods Manifest.lock */ = {
			isa = PBXShellScriptBuildPhase;
			buildActionMask = 2147483647;
			files = (
			);
			inputFileListPaths = (
			);
			inputPaths = (
				"${PODS_PODFILE_DIR_PATH}/Podfile.lock",
				"${PODS_ROOT}/Manifest.lock",
			);
			name = "[CP] Check Pods Manifest.lock";
			outputFileListPaths = (
			);
			outputPaths = (
				"$(DERIVED_FILE_DIR)/Pods-ChessAggregator-checkManifestLockResult.txt",
			);
			runOnlyForDeploymentPostprocessing = 0;
			shellPath = /bin/sh;
			shellScript = "diff \"${PODS_PODFILE_DIR_PATH}/Podfile.lock\" \"${PODS_ROOT}/Manifest.lock\" > /dev/null\nif [ $? != 0 ] ; then\n    # print error to STDERR\n    echo \"error: The sandbox is not in sync with the Podfile.lock. Run 'pod install' or update your CocoaPods installation.\" >&2\n    exit 1\nfi\n# This output is used by Xcode 'outputs' to avoid re-running this script phase.\necho \"SUCCESS\" > \"${SCRIPT_OUTPUT_FILE_0}\"\n";
			showEnvVarsInLog = 0;
		};
/* End PBXShellScriptBuildPhase section */

/* Begin PBXSourcesBuildPhase section */
		01FFDC9E253FA08B001244D1 /* Sources */ = {
			isa = PBXSourcesBuildPhase;
			buildActionMask = 2147483647;
			files = (
				730407F5255060D40036E7A6 /* HTTPMethods.swift in Sources */,
				01FFDCA6253FA08B001244D1 /* AppDelegate.swift in Sources */,
				D91FCD4F1919BFE22C09F19D /* TournamentsViewController.swift in Sources */,
				D91FCA163A6EA0488641F96A /* TournamentsPresenter.swift in Sources */,
				D91FC0F560E4FB2BBA875723 /* TournamentsInteractor.swift in Sources */,
				D91FCF95D84184E81F62000E /* TournamentsConfigurator.swift in Sources */,
				D91FCFF0127A4A4C4C1B9E8A /* TournamentsProtocols.swift in Sources */,
				D91FC158966282AE89726026 /* TournamentsRouter.swift in Sources */,
				D91FC26C613F6A01D1DC8398 /* Player.swift in Sources */,
				D91FC76493A71AA245E6D64C /* Tournament.swift in Sources */,
				D91FCD2DC0AB3033ED155DB0 /* AuthView.swift in Sources */,
				D91FC1BCA9CEF5F7417BA0B9 /* UIView+Layout.swift in Sources */,
				D91FCCCB3DE4DB1A0C47A174 /* AutoLayoutView.swift in Sources */,
				D91FC6C2B563286040E2F265 /* Auth_Configurator.swift in Sources */,
				D91FCDF3F7B37283E6953867 /* Auth_ViewController.swift in Sources */,
				D91FC851EAEA6097C20CFE38 /* Auth_Interactor.swift in Sources */,
				D91FC8B87F13FBE9A04BAAD0 /* Auth_Protocols.swift in Sources */,
				D91FC3C58B6F310D29AD170C /* Auth_Router.swift in Sources */,
				D91FC65EAC7C99388C755352 /* Auth_Presenter.swift in Sources */,
				D91FC08C68BB89F0AB0CE09F /* EventsSectionModel.swift in Sources */,
				D91FC535CC6997489B9366B4 /* EventCell.swift in Sources */,
				D91FC3EE1D2818C99A24B10A /* EventNameCellModel.swift in Sources */,
				D91FC91DFBDA32DFFF5A1AF7 /* EventLocationCellModel.swift in Sources */,
				D91FC7644A60EC1D77CF516D /* EventRatingCellModel.swift in Sources */,
				D91FC4539E7DD6D93144AF72 /* EventModeCellModel.swift in Sources */,
				D91FCA230504155423B9560F /* User.swift in Sources */,
				D91FC8EA0316C52FEA6FA95E /* TabBarContoller.swift in Sources */,
				D91FCACE18267CF3F9C58758 /* ProfileProtocols.swift in Sources */,
				D91FC9A166B8F0B79396601B /* ProfileViewController.swift in Sources */,
				D91FC66E9A098B42CDB4E83F /* CurrentView.swift in Sources */,
				D91FC10A105E8F0E4C3161A9 /* CurrentProtocols.swift in Sources */,
				D91FC4651A7A4E3AB7671594 /* CurrentViewController.swift in Sources */,
				D91FC5042F3E661C9F697241 /* CurrentPresenter.swift in Sources */,
				D91FC47433ECB2A20E20B1A0 /* CurrentInteractor.swift in Sources */,
				D91FCEA20B3CA99049C8CC95 /* CurrentRouter.swift in Sources */,
				D91FC580842490D71D586098 /* CurrentConfigurator.swift in Sources */,
			);
			runOnlyForDeploymentPostprocessing = 0;
		};
/* End PBXSourcesBuildPhase section */

/* Begin PBXVariantGroup section */
		01FFDCB0253FA091001244D1 /* LaunchScreen.storyboard */ = {
			isa = PBXVariantGroup;
			children = (
				01FFDCB1253FA091001244D1 /* Base */,
			);
			name = LaunchScreen.storyboard;
			sourceTree = "<group>";
		};
/* End PBXVariantGroup section */

/* Begin XCBuildConfiguration section */
		01FFDCB4253FA091001244D1 /* Debug */ = {
			isa = XCBuildConfiguration;
			buildSettings = {
				ALWAYS_SEARCH_USER_PATHS = NO;
				CLANG_ANALYZER_NONNULL = YES;
				CLANG_ANALYZER_NUMBER_OBJECT_CONVERSION = YES_AGGRESSIVE;
				CLANG_CXX_LANGUAGE_STANDARD = "gnu++14";
				CLANG_CXX_LIBRARY = "libc++";
				CLANG_ENABLE_MODULES = YES;
				CLANG_ENABLE_OBJC_ARC = YES;
				CLANG_ENABLE_OBJC_WEAK = YES;
				CLANG_WARN_BLOCK_CAPTURE_AUTORELEASING = YES;
				CLANG_WARN_BOOL_CONVERSION = YES;
				CLANG_WARN_COMMA = YES;
				CLANG_WARN_CONSTANT_CONVERSION = YES;
				CLANG_WARN_DEPRECATED_OBJC_IMPLEMENTATIONS = YES;
				CLANG_WARN_DIRECT_OBJC_ISA_USAGE = YES_ERROR;
				CLANG_WARN_DOCUMENTATION_COMMENTS = YES;
				CLANG_WARN_EMPTY_BODY = YES;
				CLANG_WARN_ENUM_CONVERSION = YES;
				CLANG_WARN_INFINITE_RECURSION = YES;
				CLANG_WARN_INT_CONVERSION = YES;
				CLANG_WARN_NON_LITERAL_NULL_CONVERSION = YES;
				CLANG_WARN_OBJC_IMPLICIT_RETAIN_SELF = YES;
				CLANG_WARN_OBJC_LITERAL_CONVERSION = YES;
				CLANG_WARN_OBJC_ROOT_CLASS = YES_ERROR;
				CLANG_WARN_QUOTED_INCLUDE_IN_FRAMEWORK_HEADER = YES;
				CLANG_WARN_RANGE_LOOP_ANALYSIS = YES;
				CLANG_WARN_STRICT_PROTOTYPES = YES;
				CLANG_WARN_SUSPICIOUS_MOVE = YES;
				CLANG_WARN_UNGUARDED_AVAILABILITY = YES_AGGRESSIVE;
				CLANG_WARN_UNREACHABLE_CODE = YES;
				CLANG_WARN__DUPLICATE_METHOD_MATCH = YES;
				COPY_PHASE_STRIP = NO;
				DEBUG_INFORMATION_FORMAT = dwarf;
				ENABLE_STRICT_OBJC_MSGSEND = YES;
				ENABLE_TESTABILITY = YES;
				GCC_C_LANGUAGE_STANDARD = gnu11;
				GCC_DYNAMIC_NO_PIC = NO;
				GCC_NO_COMMON_BLOCKS = YES;
				GCC_OPTIMIZATION_LEVEL = 0;
				GCC_PREPROCESSOR_DEFINITIONS = (
					"DEBUG=1",
					"$(inherited)",
				);
				GCC_WARN_64_TO_32_BIT_CONVERSION = YES;
				GCC_WARN_ABOUT_RETURN_TYPE = YES_ERROR;
				GCC_WARN_UNDECLARED_SELECTOR = YES;
				GCC_WARN_UNINITIALIZED_AUTOS = YES_AGGRESSIVE;
				GCC_WARN_UNUSED_FUNCTION = YES;
				GCC_WARN_UNUSED_VARIABLE = YES;
				IPHONEOS_DEPLOYMENT_TARGET = 14.0;
				MTL_ENABLE_DEBUG_INFO = INCLUDE_SOURCE;
				MTL_FAST_MATH = YES;
				ONLY_ACTIVE_ARCH = YES;
				SDKROOT = iphoneos;
				SWIFT_ACTIVE_COMPILATION_CONDITIONS = DEBUG;
				SWIFT_OPTIMIZATION_LEVEL = "-Onone";
			};
			name = Debug;
		};
		01FFDCB5253FA091001244D1 /* Release */ = {
			isa = XCBuildConfiguration;
			buildSettings = {
				ALWAYS_SEARCH_USER_PATHS = NO;
				CLANG_ANALYZER_NONNULL = YES;
				CLANG_ANALYZER_NUMBER_OBJECT_CONVERSION = YES_AGGRESSIVE;
				CLANG_CXX_LANGUAGE_STANDARD = "gnu++14";
				CLANG_CXX_LIBRARY = "libc++";
				CLANG_ENABLE_MODULES = YES;
				CLANG_ENABLE_OBJC_ARC = YES;
				CLANG_ENABLE_OBJC_WEAK = YES;
				CLANG_WARN_BLOCK_CAPTURE_AUTORELEASING = YES;
				CLANG_WARN_BOOL_CONVERSION = YES;
				CLANG_WARN_COMMA = YES;
				CLANG_WARN_CONSTANT_CONVERSION = YES;
				CLANG_WARN_DEPRECATED_OBJC_IMPLEMENTATIONS = YES;
				CLANG_WARN_DIRECT_OBJC_ISA_USAGE = YES_ERROR;
				CLANG_WARN_DOCUMENTATION_COMMENTS = YES;
				CLANG_WARN_EMPTY_BODY = YES;
				CLANG_WARN_ENUM_CONVERSION = YES;
				CLANG_WARN_INFINITE_RECURSION = YES;
				CLANG_WARN_INT_CONVERSION = YES;
				CLANG_WARN_NON_LITERAL_NULL_CONVERSION = YES;
				CLANG_WARN_OBJC_IMPLICIT_RETAIN_SELF = YES;
				CLANG_WARN_OBJC_LITERAL_CONVERSION = YES;
				CLANG_WARN_OBJC_ROOT_CLASS = YES_ERROR;
				CLANG_WARN_QUOTED_INCLUDE_IN_FRAMEWORK_HEADER = YES;
				CLANG_WARN_RANGE_LOOP_ANALYSIS = YES;
				CLANG_WARN_STRICT_PROTOTYPES = YES;
				CLANG_WARN_SUSPICIOUS_MOVE = YES;
				CLANG_WARN_UNGUARDED_AVAILABILITY = YES_AGGRESSIVE;
				CLANG_WARN_UNREACHABLE_CODE = YES;
				CLANG_WARN__DUPLICATE_METHOD_MATCH = YES;
				COPY_PHASE_STRIP = NO;
				DEBUG_INFORMATION_FORMAT = "dwarf-with-dsym";
				ENABLE_NS_ASSERTIONS = NO;
				ENABLE_STRICT_OBJC_MSGSEND = YES;
				GCC_C_LANGUAGE_STANDARD = gnu11;
				GCC_NO_COMMON_BLOCKS = YES;
				GCC_WARN_64_TO_32_BIT_CONVERSION = YES;
				GCC_WARN_ABOUT_RETURN_TYPE = YES_ERROR;
				GCC_WARN_UNDECLARED_SELECTOR = YES;
				GCC_WARN_UNINITIALIZED_AUTOS = YES_AGGRESSIVE;
				GCC_WARN_UNUSED_FUNCTION = YES;
				GCC_WARN_UNUSED_VARIABLE = YES;
				IPHONEOS_DEPLOYMENT_TARGET = 14.0;
				MTL_ENABLE_DEBUG_INFO = NO;
				MTL_FAST_MATH = YES;
				SDKROOT = iphoneos;
				SWIFT_COMPILATION_MODE = wholemodule;
				SWIFT_OPTIMIZATION_LEVEL = "-O";
				VALIDATE_PRODUCT = YES;
			};
			name = Release;
		};
		01FFDCB7253FA091001244D1 /* Debug */ = {
			isa = XCBuildConfiguration;
			baseConfigurationReference = BAAF54D7FF0B6F3A13447F17 /* Pods-ChessAggregator.debug.xcconfig */;
			buildSettings = {
				ASSETCATALOG_COMPILER_APPICON_NAME = AppIcon;
				ASSETCATALOG_COMPILER_GLOBAL_ACCENT_COLOR_NAME = AccentColor;
				CODE_SIGN_STYLE = Automatic;
				DEVELOPMENT_TEAM = 9P2Q9LCYN9;
				INFOPLIST_FILE = ChessAggregator/Info.plist;
				LD_RUNPATH_SEARCH_PATHS = (
					"$(inherited)",
					"@executable_path/Frameworks",
				);
				PRODUCT_BUNDLE_IDENTIFIER = nickpuchko.ChessAggregator;
				PRODUCT_NAME = "$(TARGET_NAME)";
				SWIFT_VERSION = 5.0;
				TARGETED_DEVICE_FAMILY = 1;
			};
			name = Debug;
		};
		01FFDCB8253FA091001244D1 /* Release */ = {
			isa = XCBuildConfiguration;
			baseConfigurationReference = 18B12E458DDE1504B14DC4CC /* Pods-ChessAggregator.release.xcconfig */;
			buildSettings = {
				ASSETCATALOG_COMPILER_APPICON_NAME = AppIcon;
				ASSETCATALOG_COMPILER_GLOBAL_ACCENT_COLOR_NAME = AccentColor;
				CODE_SIGN_STYLE = Automatic;
				DEVELOPMENT_TEAM = 9P2Q9LCYN9;
				INFOPLIST_FILE = ChessAggregator/Info.plist;
				LD_RUNPATH_SEARCH_PATHS = (
					"$(inherited)",
					"@executable_path/Frameworks",
				);
				PRODUCT_BUNDLE_IDENTIFIER = nickpuchko.ChessAggregator;
				PRODUCT_NAME = "$(TARGET_NAME)";
				SWIFT_VERSION = 5.0;
				TARGETED_DEVICE_FAMILY = 1;
			};
			name = Release;
		};
/* End XCBuildConfiguration section */

/* Begin XCConfigurationList section */
		01FFDC9D253FA08B001244D1 /* Build configuration list for PBXProject "ChessAggregator" */ = {
			isa = XCConfigurationList;
			buildConfigurations = (
				01FFDCB4253FA091001244D1 /* Debug */,
				01FFDCB5253FA091001244D1 /* Release */,
			);
			defaultConfigurationIsVisible = 0;
			defaultConfigurationName = Release;
		};
		01FFDCB6253FA091001244D1 /* Build configuration list for PBXNativeTarget "ChessAggregator" */ = {
			isa = XCConfigurationList;
			buildConfigurations = (
				01FFDCB7253FA091001244D1 /* Debug */,
				01FFDCB8253FA091001244D1 /* Release */,
			);
			defaultConfigurationIsVisible = 0;
			defaultConfigurationName = Release;
		};
/* End XCConfigurationList section */

/* Begin XCRemoteSwiftPackageReference section */
		730407F72550617C0036E7A6 = {
			isa = XCRemoteSwiftPackageReference;
			repositoryURL = "https://github.com/jrendel/SwiftKeychainWrapper.git";
			requirement = {
				kind = upToNextMajorVersion;
				minimumVersion = 4.0.1;
			};
		};
/* End XCRemoteSwiftPackageReference section */

/* Begin XCSwiftPackageProductDependency section */
		730407F82550617C0036E7A6 = {
			isa = XCSwiftPackageProductDependency;
			package = 730407F72550617C0036E7A6;
			productName = SwiftKeychainWrapper;
		};
/* End XCSwiftPackageProductDependency section */
	};
	rootObject = 01FFDC9A253FA08B001244D1 /* Project object */;
}
